// !$*UTF8*$!
{
	archiveVersion = 1;
	classes = {
	};
	objectVersion = 46;
	objects = {

/* Begin PBXBuildFile section */
		931740E31AC72C7A00371734 /* MapKit.framework in Frameworks */ = {isa = PBXBuildFile; fileRef = 931740E11AC72C6100371734 /* MapKit.framework */; };
		9345FBC21AB2F3F900D4F686 /* SwiftSpinner.swift in Sources */ = {isa = PBXBuildFile; fileRef = 9345FBC11AB2F3F900D4F686 /* SwiftSpinner.swift */; };
		9345FBD11AB2FFDD00D4F686 /* PlaceMarker.swift in Sources */ = {isa = PBXBuildFile; fileRef = 9345FBD01AB2FFDD00D4F686 /* PlaceMarker.swift */; };
		9345FC051AB33AFB00D4F686 /* Alamofire-SwiftyJSON.swift in Sources */ = {isa = PBXBuildFile; fileRef = 9345FC041AB33AFB00D4F686 /* Alamofire-SwiftyJSON.swift */; };
		935D42681AB19355005779FA /* GoogleMaps.framework in Frameworks */ = {isa = PBXBuildFile; fileRef = 935D42671AB19355005779FA /* GoogleMaps.framework */; };
		935D426A1AB19361005779FA /* GoogleMaps.bundle in Resources */ = {isa = PBXBuildFile; fileRef = 935D42691AB19361005779FA /* GoogleMaps.bundle */; };
		935D42701AB1AAEA005779FA /* DataProvider.swift in Sources */ = {isa = PBXBuildFile; fileRef = 935D426F1AB1AAEA005779FA /* DataProvider.swift */; };
		935D42821AB1DC05005779FA /* Emplacement.swift in Sources */ = {isa = PBXBuildFile; fileRef = 935D42811AB1DC05005779FA /* Emplacement.swift */; };
		9375D5FB1AC1999200A583B5 /* Lieu.swift in Sources */ = {isa = PBXBuildFile; fileRef = 9375D5FA1AC1999200A583B5 /* Lieu.swift */; };
		937626FF1AB031A80059C23D /* HelpViewController.swift in Sources */ = {isa = PBXBuildFile; fileRef = 937626FE1AB031A80059C23D /* HelpViewController.swift */; };
		937627011AB031D60059C23D /* AboutViewController.swift in Sources */ = {isa = PBXBuildFile; fileRef = 937627001AB031D60059C23D /* AboutViewController.swift */; };
		937640D01AC4127100716122 /* RAMBounceAnimation.swift in Sources */ = {isa = PBXBuildFile; fileRef = 937640C51AC4127000716122 /* RAMBounceAnimation.swift */; };
		937640D11AC4127100716122 /* RAMFrameItemAnimation.swift in Sources */ = {isa = PBXBuildFile; fileRef = 937640C71AC4127000716122 /* RAMFrameItemAnimation.swift */; };
		937640D21AC4127100716122 /* RAMFumeAnimation.swift in Sources */ = {isa = PBXBuildFile; fileRef = 937640C91AC4127000716122 /* RAMFumeAnimation.swift */; };
		937640D31AC4127100716122 /* RAMRotationAnimation.swift in Sources */ = {isa = PBXBuildFile; fileRef = 937640CB1AC4127000716122 /* RAMRotationAnimation.swift */; };
		937640D41AC4127100716122 /* RAMTransitionItemAnimation.swift in Sources */ = {isa = PBXBuildFile; fileRef = 937640CD1AC4127000716122 /* RAMTransitionItemAnimation.swift */; };
		937640D51AC4127100716122 /* RAMAnimatedTabBarController.swift in Sources */ = {isa = PBXBuildFile; fileRef = 937640CE1AC4127000716122 /* RAMAnimatedTabBarController.swift */; };
		937640D61AC4127100716122 /* RAMItemAnimationProtocol.swift in Sources */ = {isa = PBXBuildFile; fileRef = 937640CF1AC4127000716122 /* RAMItemAnimationProtocol.swift */; };
		938EA4B91ABB004700F9B247 /* InfoMarkerWindow.xib in Resources */ = {isa = PBXBuildFile; fileRef = 939F00B41AB82E8D007B928E /* InfoMarkerWindow.xib */; };
		9391A6751AC4AA5A00BD64C7 /* CALayer+DTI.swift in Sources */ = {isa = PBXBuildFile; fileRef = 9391A6671AC4AA5A00BD64C7 /* CALayer+DTI.swift */; };
		9391A6761AC4AA5A00BD64C7 /* DTIActivityIndicatorView.swift in Sources */ = {isa = PBXBuildFile; fileRef = 9391A6691AC4AA5A00BD64C7 /* DTIActivityIndicatorView.swift */; };
		9391A6771AC4AA5A00BD64C7 /* DTIAnimChasingDots.swift in Sources */ = {isa = PBXBuildFile; fileRef = 9391A66A1AC4AA5A00BD64C7 /* DTIAnimChasingDots.swift */; };
		9391A6781AC4AA5A00BD64C7 /* DTIAnimDoubleBounce.swift in Sources */ = {isa = PBXBuildFile; fileRef = 9391A66B1AC4AA5A00BD64C7 /* DTIAnimDoubleBounce.swift */; };
		9391A6791AC4AA5A00BD64C7 /* DTIAnimProtocol.swift in Sources */ = {isa = PBXBuildFile; fileRef = 9391A66C1AC4AA5A00BD64C7 /* DTIAnimProtocol.swift */; };
		9391A67A1AC4AA5A00BD64C7 /* DTIAnimPulse.swift in Sources */ = {isa = PBXBuildFile; fileRef = 9391A66D1AC4AA5A00BD64C7 /* DTIAnimPulse.swift */; };
		9391A67B1AC4AA5A00BD64C7 /* DTIAnimRotatingPlane.swift in Sources */ = {isa = PBXBuildFile; fileRef = 9391A66E1AC4AA5A00BD64C7 /* DTIAnimRotatingPlane.swift */; };
		9391A67C1AC4AA5A00BD64C7 /* DTIAnimSpotify.swift in Sources */ = {isa = PBXBuildFile; fileRef = 9391A66F1AC4AA5A00BD64C7 /* DTIAnimSpotify.swift */; };
		9391A67D1AC4AA5A00BD64C7 /* DTIAnimWanderingCubes.swift in Sources */ = {isa = PBXBuildFile; fileRef = 9391A6701AC4AA5A00BD64C7 /* DTIAnimWanderingCubes.swift */; };
		9391A67E1AC4AA5A00BD64C7 /* DTIAnimWave.swift in Sources */ = {isa = PBXBuildFile; fileRef = 9391A6711AC4AA5A00BD64C7 /* DTIAnimWave.swift */; };
		9391A67F1AC4AA5A00BD64C7 /* DTIAnimWp8.swift in Sources */ = {isa = PBXBuildFile; fileRef = 9391A6721AC4AA5A00BD64C7 /* DTIAnimWp8.swift */; };
		9391A6801AC4AA5A00BD64C7 /* DTIIndicatorStyle.swift in Sources */ = {isa = PBXBuildFile; fileRef = 9391A6731AC4AA5A00BD64C7 /* DTIIndicatorStyle.swift */; };
		9391D80E1AC2F207005EC0FD /* SearchSelectedViewController.swift in Sources */ = {isa = PBXBuildFile; fileRef = 9391D80D1AC2F207005EC0FD /* SearchSelectedViewController.swift */; };
		9396F5BE1AB07BDA00784082 /* IJReachbility.swift in Sources */ = {isa = PBXBuildFile; fileRef = 9396F5BD1AB07BDA00784082 /* IJReachbility.swift */; };
		9396F5C51AB0843200784082 /* SCLAlertView.swift in Sources */ = {isa = PBXBuildFile; fileRef = 9396F5C41AB0843200784082 /* SCLAlertView.swift */; };
		939F00BD1AB831D5007B928E /* InfoMarkerWindow.swift in Sources */ = {isa = PBXBuildFile; fileRef = 939F00BC1AB831D5007B928E /* InfoMarkerWindow.swift */; };
		939F00C71AB834A6007B928E /* UIViewExtension.swift in Sources */ = {isa = PBXBuildFile; fileRef = 939F00C61AB834A6007B928E /* UIViewExtension.swift */; };
		93C83F4F1AAED9AD005990C2 /* AppDelegate.swift in Sources */ = {isa = PBXBuildFile; fileRef = 93C83F4E1AAED9AD005990C2 /* AppDelegate.swift */; };
		93C83F521AAED9AD005990C2 /* HandiParking.xcdatamodeld in Sources */ = {isa = PBXBuildFile; fileRef = 93C83F501AAED9AD005990C2 /* HandiParking.xcdatamodeld */; };
		93C83F541AAED9AD005990C2 /* GeoViewController.swift in Sources */ = {isa = PBXBuildFile; fileRef = 93C83F531AAED9AD005990C2 /* GeoViewController.swift */; };
		93C83F571AAED9AD005990C2 /* Main.storyboard in Resources */ = {isa = PBXBuildFile; fileRef = 93C83F551AAED9AD005990C2 /* Main.storyboard */; };
		93C83F5C1AAED9AD005990C2 /* LaunchScreen.xib in Resources */ = {isa = PBXBuildFile; fileRef = 93C83F5A1AAED9AD005990C2 /* LaunchScreen.xib */; };
		93C83F681AAED9AD005990C2 /* HandiParkingTests.swift in Sources */ = {isa = PBXBuildFile; fileRef = 93C83F671AAED9AD005990C2 /* HandiParkingTests.swift */; };
		93CCBA431AB6DDF800FCCB1E /* ServicesController.swift in Sources */ = {isa = PBXBuildFile; fileRef = 93CCBA421AB6DDF800FCCB1E /* ServicesController.swift */; };
		93CCBA451AB6F60800FCCB1E /* AlertViewController.swift in Sources */ = {isa = PBXBuildFile; fileRef = 93CCBA441AB6F60800FCCB1E /* AlertViewController.swift */; };
		93CD3CF51AC0170200E6E385 /* MapsAppsData.swift in Sources */ = {isa = PBXBuildFile; fileRef = 93CD3CF41AC0170200E6E385 /* MapsAppsData.swift */; };
		93CDE4551AC5432F00DA38FF /* KeepCore.gpx in Resources */ = {isa = PBXBuildFile; fileRef = 93CDE4541AC5432F00DA38FF /* KeepCore.gpx */; };
		93CDE45D1AC543CB00DA38FF /* IUT Montpellier.gpx in Resources */ = {isa = PBXBuildFile; fileRef = 93CDE45C1AC543CB00DA38FF /* IUT Montpellier.gpx */; };
		93CE8E861AC1529A008F09BF /* StreetViewController.swift in Sources */ = {isa = PBXBuildFile; fileRef = 93CE8E851AC1529A008F09BF /* StreetViewController.swift */; };
		93D2E8311AAEED1A0028ED1B /* Images.xcassets in Resources */ = {isa = PBXBuildFile; fileRef = 93D2E8301AAEED1A0028ED1B /* Images.xcassets */; };
		93D2E8631AAF2EB60028ED1B /* AVFoundation.framework in Frameworks */ = {isa = PBXBuildFile; fileRef = 93D2E8621AAF2EB60028ED1B /* AVFoundation.framework */; };
		93D2E8651AAF2EBC0028ED1B /* CoreData.framework in Frameworks */ = {isa = PBXBuildFile; fileRef = 93D2E8641AAF2EBC0028ED1B /* CoreData.framework */; };
		93D2E8671AAF2EC10028ED1B /* CoreLocation.framework in Frameworks */ = {isa = PBXBuildFile; fileRef = 93D2E8661AAF2EC10028ED1B /* CoreLocation.framework */; };
		93D2E8691AAF2EC70028ED1B /* CoreText.framework in Frameworks */ = {isa = PBXBuildFile; fileRef = 93D2E8681AAF2EC70028ED1B /* CoreText.framework */; };
		93D2E86B1AAF2ECE0028ED1B /* GLKit.framework in Frameworks */ = {isa = PBXBuildFile; fileRef = 93D2E86A1AAF2ECE0028ED1B /* GLKit.framework */; };
		93D2E86D1AAF2ED60028ED1B /* ImageIO.framework in Frameworks */ = {isa = PBXBuildFile; fileRef = 93D2E86C1AAF2ED60028ED1B /* ImageIO.framework */; };
		93D2E86F1AAF2EDF0028ED1B /* libc++.dylib in Frameworks */ = {isa = PBXBuildFile; fileRef = 93D2E86E1AAF2EDF0028ED1B /* libc++.dylib */; };
		93D2E8711AAF2EE70028ED1B /* libicucore.dylib in Frameworks */ = {isa = PBXBuildFile; fileRef = 93D2E8701AAF2EE70028ED1B /* libicucore.dylib */; };
		93D2E8731AAF2EED0028ED1B /* libz.dylib in Frameworks */ = {isa = PBXBuildFile; fileRef = 93D2E8721AAF2EED0028ED1B /* libz.dylib */; };
		93D2E8751AAF2EF40028ED1B /* OpenGLES.framework in Frameworks */ = {isa = PBXBuildFile; fileRef = 93D2E8741AAF2EF40028ED1B /* OpenGLES.framework */; };
		93D2E8771AAF2EF90028ED1B /* QuartzCore.framework in Frameworks */ = {isa = PBXBuildFile; fileRef = 93D2E8761AAF2EF90028ED1B /* QuartzCore.framework */; };
		93D2E8791AAF2F050028ED1B /* SystemConfiguration.framework in Frameworks */ = {isa = PBXBuildFile; fileRef = 93D2E8781AAF2F050028ED1B /* SystemConfiguration.framework */; };
		93D2E9111AAF3C1B0028ED1B /* Alamofire.framework in Frameworks */ = {isa = PBXBuildFile; fileRef = 93D2E8F01AAF3BDA0028ED1B /* Alamofire.framework */; };
		93D2E9121AAF3C1B0028ED1B /* Alamofire.framework in Embed Frameworks */ = {isa = PBXBuildFile; fileRef = 93D2E8F01AAF3BDA0028ED1B /* Alamofire.framework */; settings = {ATTRIBUTES = (CodeSignOnCopy, RemoveHeadersOnCopy, ); }; };
		93DC120E1AB2DE9200C244DB /* RayonRecherche.swift in Sources */ = {isa = PBXBuildFile; fileRef = 93DC120D1AB2DE9200C244DB /* RayonRecherche.swift */; };
		93EF79071AC2A4550053A329 /* TableCell.xib in Resources */ = {isa = PBXBuildFile; fileRef = 93EF79061AC2A4550053A329 /* TableCell.xib */; };
		93EF793E1AC2B5C70053A329 /* SearchViewController.swift in Sources */ = {isa = PBXBuildFile; fileRef = 93EF793D1AC2B5C70053A329 /* SearchViewController.swift */; };
		93EF79401AC2B69B0053A329 /* BaseTableView.swift in Sources */ = {isa = PBXBuildFile; fileRef = 93EF793F1AC2B69B0053A329 /* BaseTableView.swift */; };
		93EF79551AC2B8BB0053A329 /* SwiftyJSON.framework in Frameworks */ = {isa = PBXBuildFile; fileRef = 93EF794E1AC2B8B10053A329 /* SwiftyJSON.framework */; };
		93EF79561AC2B8BB0053A329 /* SwiftyJSON.framework in Embed Frameworks */ = {isa = PBXBuildFile; fileRef = 93EF794E1AC2B8B10053A329 /* SwiftyJSON.framework */; settings = {ATTRIBUTES = (CodeSignOnCopy, RemoveHeadersOnCopy, ); }; };
/* End PBXBuildFile section */

/* Begin PBXContainerItemProxy section */
		93C83F621AAED9AD005990C2 /* PBXContainerItemProxy */ = {
			isa = PBXContainerItemProxy;
			containerPortal = 93C83F411AAED9AD005990C2 /* Project object */;
			proxyType = 1;
			remoteGlobalIDString = 93C83F481AAED9AD005990C2;
			remoteInfo = HandiParking;
		};
		93D2E8EF1AAF3BDA0028ED1B /* PBXContainerItemProxy */ = {
			isa = PBXContainerItemProxy;
			containerPortal = 93D2E8E81AAF3BDA0028ED1B /* Alamofire.xcodeproj */;
			proxyType = 2;
			remoteGlobalIDString = F8111E3319A95C8B0040E7D1;
			remoteInfo = "Alamofire iOS";
		};
		93D2E8F11AAF3BDA0028ED1B /* PBXContainerItemProxy */ = {
			isa = PBXContainerItemProxy;
			containerPortal = 93D2E8E81AAF3BDA0028ED1B /* Alamofire.xcodeproj */;
			proxyType = 2;
			remoteGlobalIDString = 4DD67C0B1A5C55C900ED2280;
			remoteInfo = "Alamofire OSX";
		};
		93D2E8F31AAF3BDA0028ED1B /* PBXContainerItemProxy */ = {
			isa = PBXContainerItemProxy;
			containerPortal = 93D2E8E81AAF3BDA0028ED1B /* Alamofire.xcodeproj */;
			proxyType = 2;
			remoteGlobalIDString = F8111E3E19A95C8B0040E7D1;
			remoteInfo = "Alamofire iOS Tests";
		};
		93D2E8F51AAF3BDA0028ED1B /* PBXContainerItemProxy */ = {
			isa = PBXContainerItemProxy;
			containerPortal = 93D2E8E81AAF3BDA0028ED1B /* Alamofire.xcodeproj */;
			proxyType = 2;
			remoteGlobalIDString = F829C6B21A7A94F100A2CD59;
			remoteInfo = "Alamofire OSX Tests";
		};
		93D2E9211AAF3E730028ED1B /* PBXContainerItemProxy */ = {
			isa = PBXContainerItemProxy;
			containerPortal = 93D2E8E81AAF3BDA0028ED1B /* Alamofire.xcodeproj */;
			proxyType = 1;
			remoteGlobalIDString = F8111E3219A95C8B0040E7D1;
			remoteInfo = "Alamofire iOS";
		};
		93EF794D1AC2B8B10053A329 /* PBXContainerItemProxy */ = {
			isa = PBXContainerItemProxy;
			containerPortal = 93EF79461AC2B8B10053A329 /* SwiftyJSON.xcodeproj */;
			proxyType = 2;
			remoteGlobalIDString = 2E4FEFDB19575BE100351305;
			remoteInfo = "SwiftyJSON iOS";
		};
		93EF794F1AC2B8B10053A329 /* PBXContainerItemProxy */ = {
			isa = PBXContainerItemProxy;
			containerPortal = 93EF79461AC2B8B10053A329 /* SwiftyJSON.xcodeproj */;
			proxyType = 2;
			remoteGlobalIDString = 2E4FEFE619575BE100351305;
			remoteInfo = SwiftyJSONTests;
		};
		93EF79511AC2B8B10053A329 /* PBXContainerItemProxy */ = {
			isa = PBXContainerItemProxy;
			containerPortal = 93EF79461AC2B8B10053A329 /* SwiftyJSON.xcodeproj */;
			proxyType = 2;
			remoteGlobalIDString = 030B6CC31A6E16E800C2D4F1;
			remoteInfo = "SwiftyJSON OSX";
		};
		93EF79531AC2B8B10053A329 /* PBXContainerItemProxy */ = {
			isa = PBXContainerItemProxy;
			containerPortal = 93EF79461AC2B8B10053A329 /* SwiftyJSON.xcodeproj */;
			proxyType = 2;
			remoteGlobalIDString = 030B6CCD1A6E16E900C2D4F1;
			remoteInfo = "SwiftyJSON OSXTests";
		};
		93EF79571AC2B8BB0053A329 /* PBXContainerItemProxy */ = {
			isa = PBXContainerItemProxy;
			containerPortal = 93EF79461AC2B8B10053A329 /* SwiftyJSON.xcodeproj */;
			proxyType = 1;
			remoteGlobalIDString = 2E4FEFDA19575BE100351305;
			remoteInfo = "SwiftyJSON iOS";
		};
/* End PBXContainerItemProxy section */

/* Begin PBXCopyFilesBuildPhase section */
		93D2E9151AAF3C1C0028ED1B /* Embed Frameworks */ = {
			isa = PBXCopyFilesBuildPhase;
			buildActionMask = 2147483647;
			dstPath = "";
			dstSubfolderSpec = 10;
			files = (
				93EF79561AC2B8BB0053A329 /* SwiftyJSON.framework in Embed Frameworks */,
				93D2E9121AAF3C1B0028ED1B /* Alamofire.framework in Embed Frameworks */,
			);
			name = "Embed Frameworks";
			runOnlyForDeploymentPostprocessing = 0;
		};
/* End PBXCopyFilesBuildPhase section */

/* Begin PBXFileReference section */
		931740E11AC72C6100371734 /* MapKit.framework */ = {isa = PBXFileReference; lastKnownFileType = wrapper.framework; name = MapKit.framework; path = System/Library/Frameworks/MapKit.framework; sourceTree = SDKROOT; };
		9345FBC11AB2F3F900D4F686 /* SwiftSpinner.swift */ = {isa = PBXFileReference; fileEncoding = 4; lastKnownFileType = sourcecode.swift; path = SwiftSpinner.swift; sourceTree = "<group>"; };
		9345FBD01AB2FFDD00D4F686 /* PlaceMarker.swift */ = {isa = PBXFileReference; fileEncoding = 4; lastKnownFileType = sourcecode.swift; path = PlaceMarker.swift; sourceTree = "<group>"; };
		9345FC041AB33AFB00D4F686 /* Alamofire-SwiftyJSON.swift */ = {isa = PBXFileReference; fileEncoding = 4; lastKnownFileType = sourcecode.swift; path = "Alamofire-SwiftyJSON.swift"; sourceTree = "<group>"; };
		935D42671AB19355005779FA /* GoogleMaps.framework */ = {isa = PBXFileReference; lastKnownFileType = wrapper.framework; path = GoogleMaps.framework; sourceTree = "<group>"; };
		935D42691AB19361005779FA /* GoogleMaps.bundle */ = {isa = PBXFileReference; lastKnownFileType = "wrapper.plug-in"; name = GoogleMaps.bundle; path = GoogleMaps.framework/Versions/A/Resources/GoogleMaps.bundle; sourceTree = "<group>"; };
		935D426F1AB1AAEA005779FA /* DataProvider.swift */ = {isa = PBXFileReference; fileEncoding = 4; lastKnownFileType = sourcecode.swift; path = DataProvider.swift; sourceTree = "<group>"; };
		935D42811AB1DC05005779FA /* Emplacement.swift */ = {isa = PBXFileReference; fileEncoding = 4; lastKnownFileType = sourcecode.swift; path = Emplacement.swift; sourceTree = "<group>"; };
		9375D5FA1AC1999200A583B5 /* Lieu.swift */ = {isa = PBXFileReference; fileEncoding = 4; lastKnownFileType = sourcecode.swift; path = Lieu.swift; sourceTree = "<group>"; };
		937626FE1AB031A80059C23D /* HelpViewController.swift */ = {isa = PBXFileReference; fileEncoding = 4; lastKnownFileType = sourcecode.swift; path = HelpViewController.swift; sourceTree = "<group>"; };
		937627001AB031D60059C23D /* AboutViewController.swift */ = {isa = PBXFileReference; fileEncoding = 4; lastKnownFileType = sourcecode.swift; path = AboutViewController.swift; sourceTree = "<group>"; };
		937640C51AC4127000716122 /* RAMBounceAnimation.swift */ = {isa = PBXFileReference; fileEncoding = 4; lastKnownFileType = sourcecode.swift; path = RAMBounceAnimation.swift; sourceTree = "<group>"; };
		937640C71AC4127000716122 /* RAMFrameItemAnimation.swift */ = {isa = PBXFileReference; fileEncoding = 4; lastKnownFileType = sourcecode.swift; path = RAMFrameItemAnimation.swift; sourceTree = "<group>"; };
		937640C91AC4127000716122 /* RAMFumeAnimation.swift */ = {isa = PBXFileReference; fileEncoding = 4; lastKnownFileType = sourcecode.swift; path = RAMFumeAnimation.swift; sourceTree = "<group>"; };
		937640CB1AC4127000716122 /* RAMRotationAnimation.swift */ = {isa = PBXFileReference; fileEncoding = 4; lastKnownFileType = sourcecode.swift; path = RAMRotationAnimation.swift; sourceTree = "<group>"; };
		937640CD1AC4127000716122 /* RAMTransitionItemAnimation.swift */ = {isa = PBXFileReference; fileEncoding = 4; lastKnownFileType = sourcecode.swift; path = RAMTransitionItemAnimation.swift; sourceTree = "<group>"; };
		937640CE1AC4127000716122 /* RAMAnimatedTabBarController.swift */ = {isa = PBXFileReference; fileEncoding = 4; lastKnownFileType = sourcecode.swift; path = RAMAnimatedTabBarController.swift; sourceTree = "<group>"; };
		937640CF1AC4127000716122 /* RAMItemAnimationProtocol.swift */ = {isa = PBXFileReference; fileEncoding = 4; lastKnownFileType = sourcecode.swift; path = RAMItemAnimationProtocol.swift; sourceTree = "<group>"; };
		9391A6671AC4AA5A00BD64C7 /* CALayer+DTI.swift */ = {isa = PBXFileReference; fileEncoding = 4; lastKnownFileType = sourcecode.swift; path = "CALayer+DTI.swift"; sourceTree = "<group>"; };
		9391A6691AC4AA5A00BD64C7 /* DTIActivityIndicatorView.swift */ = {isa = PBXFileReference; fileEncoding = 4; lastKnownFileType = sourcecode.swift; path = DTIActivityIndicatorView.swift; sourceTree = "<group>"; };
		9391A66A1AC4AA5A00BD64C7 /* DTIAnimChasingDots.swift */ = {isa = PBXFileReference; fileEncoding = 4; lastKnownFileType = sourcecode.swift; path = DTIAnimChasingDots.swift; sourceTree = "<group>"; };
		9391A66B1AC4AA5A00BD64C7 /* DTIAnimDoubleBounce.swift */ = {isa = PBXFileReference; fileEncoding = 4; lastKnownFileType = sourcecode.swift; path = DTIAnimDoubleBounce.swift; sourceTree = "<group>"; };
		9391A66C1AC4AA5A00BD64C7 /* DTIAnimProtocol.swift */ = {isa = PBXFileReference; fileEncoding = 4; lastKnownFileType = sourcecode.swift; path = DTIAnimProtocol.swift; sourceTree = "<group>"; };
		9391A66D1AC4AA5A00BD64C7 /* DTIAnimPulse.swift */ = {isa = PBXFileReference; fileEncoding = 4; lastKnownFileType = sourcecode.swift; path = DTIAnimPulse.swift; sourceTree = "<group>"; };
		9391A66E1AC4AA5A00BD64C7 /* DTIAnimRotatingPlane.swift */ = {isa = PBXFileReference; fileEncoding = 4; lastKnownFileType = sourcecode.swift; path = DTIAnimRotatingPlane.swift; sourceTree = "<group>"; };
		9391A66F1AC4AA5A00BD64C7 /* DTIAnimSpotify.swift */ = {isa = PBXFileReference; fileEncoding = 4; lastKnownFileType = sourcecode.swift; path = DTIAnimSpotify.swift; sourceTree = "<group>"; };
		9391A6701AC4AA5A00BD64C7 /* DTIAnimWanderingCubes.swift */ = {isa = PBXFileReference; fileEncoding = 4; lastKnownFileType = sourcecode.swift; path = DTIAnimWanderingCubes.swift; sourceTree = "<group>"; };
		9391A6711AC4AA5A00BD64C7 /* DTIAnimWave.swift */ = {isa = PBXFileReference; fileEncoding = 4; lastKnownFileType = sourcecode.swift; path = DTIAnimWave.swift; sourceTree = "<group>"; };
		9391A6721AC4AA5A00BD64C7 /* DTIAnimWp8.swift */ = {isa = PBXFileReference; fileEncoding = 4; lastKnownFileType = sourcecode.swift; path = DTIAnimWp8.swift; sourceTree = "<group>"; };
		9391A6731AC4AA5A00BD64C7 /* DTIIndicatorStyle.swift */ = {isa = PBXFileReference; fileEncoding = 4; lastKnownFileType = sourcecode.swift; path = DTIIndicatorStyle.swift; sourceTree = "<group>"; };
		9391D80D1AC2F207005EC0FD /* SearchSelectedViewController.swift */ = {isa = PBXFileReference; fileEncoding = 4; lastKnownFileType = sourcecode.swift; path = SearchSelectedViewController.swift; sourceTree = "<group>"; };
		9396F5BD1AB07BDA00784082 /* IJReachbility.swift */ = {isa = PBXFileReference; fileEncoding = 4; lastKnownFileType = sourcecode.swift; path = IJReachbility.swift; sourceTree = "<group>"; };
		9396F5C41AB0843200784082 /* SCLAlertView.swift */ = {isa = PBXFileReference; fileEncoding = 4; lastKnownFileType = sourcecode.swift; path = SCLAlertView.swift; sourceTree = "<group>"; };
		939F00B41AB82E8D007B928E /* InfoMarkerWindow.xib */ = {isa = PBXFileReference; fileEncoding = 4; lastKnownFileType = file.xib; path = InfoMarkerWindow.xib; sourceTree = "<group>"; };
		939F00BC1AB831D5007B928E /* InfoMarkerWindow.swift */ = {isa = PBXFileReference; fileEncoding = 4; lastKnownFileType = sourcecode.swift; path = InfoMarkerWindow.swift; sourceTree = "<group>"; };
		939F00C61AB834A6007B928E /* UIViewExtension.swift */ = {isa = PBXFileReference; fileEncoding = 4; lastKnownFileType = sourcecode.swift; path = UIViewExtension.swift; sourceTree = "<group>"; };
		93C83F491AAED9AD005990C2 /* HandiParking.app */ = {isa = PBXFileReference; explicitFileType = wrapper.application; includeInIndex = 0; path = HandiParking.app; sourceTree = BUILT_PRODUCTS_DIR; };
		93C83F4D1AAED9AD005990C2 /* Info.plist */ = {isa = PBXFileReference; lastKnownFileType = text.plist.xml; path = Info.plist; sourceTree = "<group>"; };
		93C83F4E1AAED9AD005990C2 /* AppDelegate.swift */ = {isa = PBXFileReference; lastKnownFileType = sourcecode.swift; path = AppDelegate.swift; sourceTree = "<group>"; };
		93C83F511AAED9AD005990C2 /* HandiParking.xcdatamodel */ = {isa = PBXFileReference; lastKnownFileType = wrapper.xcdatamodel; path = HandiParking.xcdatamodel; sourceTree = "<group>"; };
		93C83F531AAED9AD005990C2 /* GeoViewController.swift */ = {isa = PBXFileReference; lastKnownFileType = sourcecode.swift; path = GeoViewController.swift; sourceTree = "<group>"; };
		93C83F561AAED9AD005990C2 /* Base */ = {isa = PBXFileReference; lastKnownFileType = file.storyboard; name = Base; path = Base.lproj/Main.storyboard; sourceTree = "<group>"; };
		93C83F5B1AAED9AD005990C2 /* Base */ = {isa = PBXFileReference; lastKnownFileType = file.xib; name = Base; path = Base.lproj/LaunchScreen.xib; sourceTree = "<group>"; };
		93C83F611AAED9AD005990C2 /* HandiParkingTests.xctest */ = {isa = PBXFileReference; explicitFileType = wrapper.cfbundle; includeInIndex = 0; path = HandiParkingTests.xctest; sourceTree = BUILT_PRODUCTS_DIR; };
		93C83F661AAED9AD005990C2 /* Info.plist */ = {isa = PBXFileReference; lastKnownFileType = text.plist.xml; path = Info.plist; sourceTree = "<group>"; };
		93C83F671AAED9AD005990C2 /* HandiParkingTests.swift */ = {isa = PBXFileReference; lastKnownFileType = sourcecode.swift; path = HandiParkingTests.swift; sourceTree = "<group>"; };
		93CCBA421AB6DDF800FCCB1E /* ServicesController.swift */ = {isa = PBXFileReference; fileEncoding = 4; lastKnownFileType = sourcecode.swift; path = ServicesController.swift; sourceTree = "<group>"; };
		93CCBA441AB6F60800FCCB1E /* AlertViewController.swift */ = {isa = PBXFileReference; fileEncoding = 4; lastKnownFileType = sourcecode.swift; path = AlertViewController.swift; sourceTree = "<group>"; };
		93CD3CF41AC0170200E6E385 /* MapsAppsData.swift */ = {isa = PBXFileReference; fileEncoding = 4; lastKnownFileType = sourcecode.swift; path = MapsAppsData.swift; sourceTree = "<group>"; };
		93CDE4541AC5432F00DA38FF /* KeepCore.gpx */ = {isa = PBXFileReference; fileEncoding = 4; lastKnownFileType = text.xml; name = KeepCore.gpx; path = ../KeepCore.gpx; sourceTree = "<group>"; };
		93CDE45C1AC543CB00DA38FF /* IUT Montpellier.gpx */ = {isa = PBXFileReference; fileEncoding = 4; lastKnownFileType = text.xml; name = "IUT Montpellier.gpx"; path = "../IUT Montpellier.gpx"; sourceTree = "<group>"; };
		93CE8E851AC1529A008F09BF /* StreetViewController.swift */ = {isa = PBXFileReference; fileEncoding = 4; lastKnownFileType = sourcecode.swift; path = StreetViewController.swift; sourceTree = "<group>"; };
		93D2E8301AAEED1A0028ED1B /* Images.xcassets */ = {isa = PBXFileReference; lastKnownFileType = folder.assetcatalog; path = Images.xcassets; sourceTree = "<group>"; };
		93D2E8621AAF2EB60028ED1B /* AVFoundation.framework */ = {isa = PBXFileReference; lastKnownFileType = wrapper.framework; name = AVFoundation.framework; path = System/Library/Frameworks/AVFoundation.framework; sourceTree = SDKROOT; };
		93D2E8641AAF2EBC0028ED1B /* CoreData.framework */ = {isa = PBXFileReference; lastKnownFileType = wrapper.framework; name = CoreData.framework; path = System/Library/Frameworks/CoreData.framework; sourceTree = SDKROOT; };
		93D2E8661AAF2EC10028ED1B /* CoreLocation.framework */ = {isa = PBXFileReference; lastKnownFileType = wrapper.framework; name = CoreLocation.framework; path = System/Library/Frameworks/CoreLocation.framework; sourceTree = SDKROOT; };
		93D2E8681AAF2EC70028ED1B /* CoreText.framework */ = {isa = PBXFileReference; lastKnownFileType = wrapper.framework; name = CoreText.framework; path = System/Library/Frameworks/CoreText.framework; sourceTree = SDKROOT; };
		93D2E86A1AAF2ECE0028ED1B /* GLKit.framework */ = {isa = PBXFileReference; lastKnownFileType = wrapper.framework; name = GLKit.framework; path = System/Library/Frameworks/GLKit.framework; sourceTree = SDKROOT; };
		93D2E86C1AAF2ED60028ED1B /* ImageIO.framework */ = {isa = PBXFileReference; lastKnownFileType = wrapper.framework; name = ImageIO.framework; path = System/Library/Frameworks/ImageIO.framework; sourceTree = SDKROOT; };
		93D2E86E1AAF2EDF0028ED1B /* libc++.dylib */ = {isa = PBXFileReference; lastKnownFileType = "compiled.mach-o.dylib"; name = "libc++.dylib"; path = "usr/lib/libc++.dylib"; sourceTree = SDKROOT; };
		93D2E8701AAF2EE70028ED1B /* libicucore.dylib */ = {isa = PBXFileReference; lastKnownFileType = "compiled.mach-o.dylib"; name = libicucore.dylib; path = usr/lib/libicucore.dylib; sourceTree = SDKROOT; };
		93D2E8721AAF2EED0028ED1B /* libz.dylib */ = {isa = PBXFileReference; lastKnownFileType = "compiled.mach-o.dylib"; name = libz.dylib; path = usr/lib/libz.dylib; sourceTree = SDKROOT; };
		93D2E8741AAF2EF40028ED1B /* OpenGLES.framework */ = {isa = PBXFileReference; lastKnownFileType = wrapper.framework; name = OpenGLES.framework; path = System/Library/Frameworks/OpenGLES.framework; sourceTree = SDKROOT; };
		93D2E8761AAF2EF90028ED1B /* QuartzCore.framework */ = {isa = PBXFileReference; lastKnownFileType = wrapper.framework; name = QuartzCore.framework; path = System/Library/Frameworks/QuartzCore.framework; sourceTree = SDKROOT; };
		93D2E8781AAF2F050028ED1B /* SystemConfiguration.framework */ = {isa = PBXFileReference; lastKnownFileType = wrapper.framework; name = SystemConfiguration.framework; path = System/Library/Frameworks/SystemConfiguration.framework; sourceTree = SDKROOT; };
		93D2E87A1AAF2FAD0028ED1B /* HandiParking-Bridging-Header.h */ = {isa = PBXFileReference; lastKnownFileType = sourcecode.c.h; path = "HandiParking-Bridging-Header.h"; sourceTree = "<group>"; };
		93D2E8E81AAF3BDA0028ED1B /* Alamofire.xcodeproj */ = {isa = PBXFileReference; lastKnownFileType = "wrapper.pb-project"; name = Alamofire.xcodeproj; path = "../../../Downloads/Alamofire-master/Alamofire.xcodeproj"; sourceTree = "<group>"; };
		93DC120D1AB2DE9200C244DB /* RayonRecherche.swift */ = {isa = PBXFileReference; fileEncoding = 4; lastKnownFileType = sourcecode.swift; path = RayonRecherche.swift; sourceTree = "<group>"; };
		93EF79061AC2A4550053A329 /* TableCell.xib */ = {isa = PBXFileReference; fileEncoding = 4; lastKnownFileType = file.xib; path = TableCell.xib; sourceTree = "<group>"; };
		93EF793D1AC2B5C70053A329 /* SearchViewController.swift */ = {isa = PBXFileReference; fileEncoding = 4; lastKnownFileType = sourcecode.swift; path = SearchViewController.swift; sourceTree = "<group>"; };
		93EF793F1AC2B69B0053A329 /* BaseTableView.swift */ = {isa = PBXFileReference; fileEncoding = 4; lastKnownFileType = sourcecode.swift; path = BaseTableView.swift; sourceTree = "<group>"; };
		93EF79461AC2B8B10053A329 /* SwiftyJSON.xcodeproj */ = {isa = PBXFileReference; lastKnownFileType = "wrapper.pb-project"; name = SwiftyJSON.xcodeproj; path = "../../../Downloads/SwiftyJSON-master/SwiftyJSON.xcodeproj"; sourceTree = "<group>"; };
/* End PBXFileReference section */

/* Begin PBXFrameworksBuildPhase section */
		93C83F461AAED9AD005990C2 /* Frameworks */ = {
			isa = PBXFrameworksBuildPhase;
			buildActionMask = 2147483647;
			files = (
				931740E31AC72C7A00371734 /* MapKit.framework in Frameworks */,
				93D2E8791AAF2F050028ED1B /* SystemConfiguration.framework in Frameworks */,
				93D2E8771AAF2EF90028ED1B /* QuartzCore.framework in Frameworks */,
				93D2E8751AAF2EF40028ED1B /* OpenGLES.framework in Frameworks */,
				93D2E8731AAF2EED0028ED1B /* libz.dylib in Frameworks */,
				93D2E8711AAF2EE70028ED1B /* libicucore.dylib in Frameworks */,
				93D2E86F1AAF2EDF0028ED1B /* libc++.dylib in Frameworks */,
				93D2E86D1AAF2ED60028ED1B /* ImageIO.framework in Frameworks */,
				93D2E86B1AAF2ECE0028ED1B /* GLKit.framework in Frameworks */,
				93D2E8691AAF2EC70028ED1B /* CoreText.framework in Frameworks */,
				93D2E8671AAF2EC10028ED1B /* CoreLocation.framework in Frameworks */,
				93D2E8651AAF2EBC0028ED1B /* CoreData.framework in Frameworks */,
				93D2E9111AAF3C1B0028ED1B /* Alamofire.framework in Frameworks */,
				93D2E8631AAF2EB60028ED1B /* AVFoundation.framework in Frameworks */,
				935D42681AB19355005779FA /* GoogleMaps.framework in Frameworks */,
				93EF79551AC2B8BB0053A329 /* SwiftyJSON.framework in Frameworks */,
			);
			runOnlyForDeploymentPostprocessing = 0;
		};
		93C83F5E1AAED9AD005990C2 /* Frameworks */ = {
			isa = PBXFrameworksBuildPhase;
			buildActionMask = 2147483647;
			files = (
			);
			runOnlyForDeploymentPostprocessing = 0;
		};
/* End PBXFrameworksBuildPhase section */

/* Begin PBXGroup section */
		934BADFC1AAF49780034E407 /* Controleurs */ = {
			isa = PBXGroup;
			children = (
				93C83F531AAED9AD005990C2 /* GeoViewController.swift */,
				93CE8E851AC1529A008F09BF /* StreetViewController.swift */,
				937626FE1AB031A80059C23D /* HelpViewController.swift */,
				937627001AB031D60059C23D /* AboutViewController.swift */,
				93CCBA421AB6DDF800FCCB1E /* ServicesController.swift */,
				93EF793D1AC2B5C70053A329 /* SearchViewController.swift */,
				93EF793F1AC2B69B0053A329 /* BaseTableView.swift */,
				9391D80D1AC2F207005EC0FD /* SearchSelectedViewController.swift */,
			);
			name = Controleurs;
			sourceTree = "<group>";
		};
		934BAE051AAF49830034E407 /* Vues */ = {
			isa = PBXGroup;
			children = (
				93D2E8301AAEED1A0028ED1B /* Images.xcassets */,
				93C83F5A1AAED9AD005990C2 /* LaunchScreen.xib */,
				93C83F551AAED9AD005990C2 /* Main.storyboard */,
				9345FBD01AB2FFDD00D4F686 /* PlaceMarker.swift */,
				93CCBA441AB6F60800FCCB1E /* AlertViewController.swift */,
				939F00B41AB82E8D007B928E /* InfoMarkerWindow.xib */,
				939F00BC1AB831D5007B928E /* InfoMarkerWindow.swift */,
				939F00C61AB834A6007B928E /* UIViewExtension.swift */,
				93EF79061AC2A4550053A329 /* TableCell.xib */,
			);
			name = Vues;
			sourceTree = "<group>";
		};
		937640C21AC4127000716122 /* RAMAnimatedTabBarController */ = {
			isa = PBXGroup;
			children = (
				937640C31AC4127000716122 /* Animations */,
				937640CE1AC4127000716122 /* RAMAnimatedTabBarController.swift */,
				937640CF1AC4127000716122 /* RAMItemAnimationProtocol.swift */,
			);
			path = RAMAnimatedTabBarController;
			sourceTree = "<group>";
		};
		937640C31AC4127000716122 /* Animations */ = {
			isa = PBXGroup;
			children = (
				937640C41AC4127000716122 /* BounceAnimation */,
				937640C61AC4127000716122 /* FrameAnimation */,
				937640C81AC4127000716122 /* FumeAnimation */,
				937640CA1AC4127000716122 /* RotationAnimation */,
				937640CC1AC4127000716122 /* TransitionAniamtions */,
			);
			path = Animations;
			sourceTree = "<group>";
		};
		937640C41AC4127000716122 /* BounceAnimation */ = {
			isa = PBXGroup;
			children = (
				937640C51AC4127000716122 /* RAMBounceAnimation.swift */,
			);
			path = BounceAnimation;
			sourceTree = "<group>";
		};
		937640C61AC4127000716122 /* FrameAnimation */ = {
			isa = PBXGroup;
			children = (
				937640C71AC4127000716122 /* RAMFrameItemAnimation.swift */,
			);
			path = FrameAnimation;
			sourceTree = "<group>";
		};
		937640C81AC4127000716122 /* FumeAnimation */ = {
			isa = PBXGroup;
			children = (
				937640C91AC4127000716122 /* RAMFumeAnimation.swift */,
			);
			path = FumeAnimation;
			sourceTree = "<group>";
		};
		937640CA1AC4127000716122 /* RotationAnimation */ = {
			isa = PBXGroup;
			children = (
				937640CB1AC4127000716122 /* RAMRotationAnimation.swift */,
			);
			path = RotationAnimation;
			sourceTree = "<group>";
		};
		937640CC1AC4127000716122 /* TransitionAniamtions */ = {
			isa = PBXGroup;
			children = (
				937640CD1AC4127000716122 /* RAMTransitionItemAnimation.swift */,
			);
			path = TransitionAniamtions;
			sourceTree = "<group>";
		};
		9391A6661AC4AA5A00BD64C7 /* DTIActivityIndicator */ = {
			isa = PBXGroup;
			children = (
				9391A6671AC4AA5A00BD64C7 /* CALayer+DTI.swift */,
				9391A6691AC4AA5A00BD64C7 /* DTIActivityIndicatorView.swift */,
				9391A66A1AC4AA5A00BD64C7 /* DTIAnimChasingDots.swift */,
				9391A66B1AC4AA5A00BD64C7 /* DTIAnimDoubleBounce.swift */,
				9391A66C1AC4AA5A00BD64C7 /* DTIAnimProtocol.swift */,
				9391A66D1AC4AA5A00BD64C7 /* DTIAnimPulse.swift */,
				9391A66E1AC4AA5A00BD64C7 /* DTIAnimRotatingPlane.swift */,
				9391A66F1AC4AA5A00BD64C7 /* DTIAnimSpotify.swift */,
				9391A6701AC4AA5A00BD64C7 /* DTIAnimWanderingCubes.swift */,
				9391A6711AC4AA5A00BD64C7 /* DTIAnimWave.swift */,
				9391A6721AC4AA5A00BD64C7 /* DTIAnimWp8.swift */,
				9391A6731AC4AA5A00BD64C7 /* DTIIndicatorStyle.swift */,
			);
			name = DTIActivityIndicator;
			path = Source;
			sourceTree = "<group>";
		};
		9396F5BF1AB07DB300784082 /* Modeles */ = {
			isa = PBXGroup;
			children = (
				93C83F501AAED9AD005990C2 /* HandiParking.xcdatamodeld */,
				935D426F1AB1AAEA005779FA /* DataProvider.swift */,
				93CD3CF41AC0170200E6E385 /* MapsAppsData.swift */,
				935D42811AB1DC05005779FA /* Emplacement.swift */,
				93DC120D1AB2DE9200C244DB /* RayonRecherche.swift */,
				9375D5FA1AC1999200A583B5 /* Lieu.swift */,
			);
			name = Modeles;
			sourceTree = "<group>";
		};
		93C83F401AAED9AD005990C2 = {
			isa = PBXGroup;
			children = (
				93EF79461AC2B8B10053A329 /* SwiftyJSON.xcodeproj */,
				93D2E8E81AAF3BDA0028ED1B /* Alamofire.xcodeproj */,
				93C83F4B1AAED9AD005990C2 /* HandiParking */,
				93C83F641AAED9AD005990C2 /* HandiParkingTests */,
				93C83F4A1AAED9AD005990C2 /* Products */,
			);
			sourceTree = "<group>";
		};
		93C83F4A1AAED9AD005990C2 /* Products */ = {
			isa = PBXGroup;
			children = (
				93C83F491AAED9AD005990C2 /* HandiParking.app */,
				93C83F611AAED9AD005990C2 /* HandiParkingTests.xctest */,
			);
			name = Products;
			sourceTree = "<group>";
		};
		93C83F4B1AAED9AD005990C2 /* HandiParking */ = {
			isa = PBXGroup;
			children = (
				93C83F4E1AAED9AD005990C2 /* AppDelegate.swift */,
				9396F5BF1AB07DB300784082 /* Modeles */,
				93D2E8291AAEE3040028ED1B /* Sources */,
				93D2E85D1AAF2DD80028ED1B /* Frameworks */,
				934BAE051AAF49830034E407 /* Vues */,
				934BADFC1AAF49780034E407 /* Controleurs */,
				93C83F4C1AAED9AD005990C2 /* Supporting Files */,
			);
			path = HandiParking;
			sourceTree = "<group>";
		};
		93C83F4C1AAED9AD005990C2 /* Supporting Files */ = {
			isa = PBXGroup;
			children = (
				93CDE45C1AC543CB00DA38FF /* IUT Montpellier.gpx */,
				93CDE4541AC5432F00DA38FF /* KeepCore.gpx */,
				93C83F4D1AAED9AD005990C2 /* Info.plist */,
			);
			name = "Supporting Files";
			sourceTree = "<group>";
		};
		93C83F641AAED9AD005990C2 /* HandiParkingTests */ = {
			isa = PBXGroup;
			children = (
				93C83F671AAED9AD005990C2 /* HandiParkingTests.swift */,
				93C83F651AAED9AD005990C2 /* Supporting Files */,
			);
			path = HandiParkingTests;
			sourceTree = "<group>";
		};
		93C83F651AAED9AD005990C2 /* Supporting Files */ = {
			isa = PBXGroup;
			children = (
				93C83F661AAED9AD005990C2 /* Info.plist */,
			);
			name = "Supporting Files";
			sourceTree = "<group>";
		};
		93D2E8291AAEE3040028ED1B /* Sources */ = {
			isa = PBXGroup;
			children = (
				9391A6661AC4AA5A00BD64C7 /* DTIActivityIndicator */,
				937640C21AC4127000716122 /* RAMAnimatedTabBarController */,
				9396F5BD1AB07BDA00784082 /* IJReachbility.swift */,
				9396F5C41AB0843200784082 /* SCLAlertView.swift */,
				9345FBC11AB2F3F900D4F686 /* SwiftSpinner.swift */,
				9345FC041AB33AFB00D4F686 /* Alamofire-SwiftyJSON.swift */,
			);
			name = Sources;
			sourceTree = "<group>";
		};
		93D2E85D1AAF2DD80028ED1B /* Frameworks */ = {
			isa = PBXGroup;
			children = (
				931740E11AC72C6100371734 /* MapKit.framework */,
				935D42691AB19361005779FA /* GoogleMaps.bundle */,
				935D42671AB19355005779FA /* GoogleMaps.framework */,
				93D2E87A1AAF2FAD0028ED1B /* HandiParking-Bridging-Header.h */,
				93D2E8781AAF2F050028ED1B /* SystemConfiguration.framework */,
				93D2E8761AAF2EF90028ED1B /* QuartzCore.framework */,
				93D2E8741AAF2EF40028ED1B /* OpenGLES.framework */,
				93D2E8721AAF2EED0028ED1B /* libz.dylib */,
				93D2E8701AAF2EE70028ED1B /* libicucore.dylib */,
				93D2E86E1AAF2EDF0028ED1B /* libc++.dylib */,
				93D2E86C1AAF2ED60028ED1B /* ImageIO.framework */,
				93D2E86A1AAF2ECE0028ED1B /* GLKit.framework */,
				93D2E8681AAF2EC70028ED1B /* CoreText.framework */,
				93D2E8661AAF2EC10028ED1B /* CoreLocation.framework */,
				93D2E8641AAF2EBC0028ED1B /* CoreData.framework */,
				93D2E8621AAF2EB60028ED1B /* AVFoundation.framework */,
			);
			name = Frameworks;
			sourceTree = "<group>";
		};
		93D2E8E91AAF3BDA0028ED1B /* Products */ = {
			isa = PBXGroup;
			children = (
				93D2E8F01AAF3BDA0028ED1B /* Alamofire.framework */,
				93D2E8F21AAF3BDA0028ED1B /* Alamofire.framework */,
				93D2E8F41AAF3BDA0028ED1B /* Alamofire iOS Tests.xctest */,
				93D2E8F61AAF3BDA0028ED1B /* Alamofire OSX Tests.xctest */,
			);
			name = Products;
			sourceTree = "<group>";
		};
		93EF79471AC2B8B10053A329 /* Products */ = {
			isa = PBXGroup;
			children = (
				93EF794E1AC2B8B10053A329 /* SwiftyJSON.framework */,
				93EF79501AC2B8B10053A329 /* SwiftyJSONTests.xctest */,
				93EF79521AC2B8B10053A329 /* SwiftyJSON.framework */,
				93EF79541AC2B8B10053A329 /* SwiftyJSON OSXTests.xctest */,
			);
			name = Products;
			sourceTree = "<group>";
		};
/* End PBXGroup section */

/* Begin PBXNativeTarget section */
		93C83F481AAED9AD005990C2 /* HandiParking */ = {
			isa = PBXNativeTarget;
			buildConfigurationList = 93C83F6B1AAED9AD005990C2 /* Build configuration list for PBXNativeTarget "HandiParking" */;
			buildPhases = (
				93C83F451AAED9AD005990C2 /* Sources */,
				93C83F461AAED9AD005990C2 /* Frameworks */,
				93C83F471AAED9AD005990C2 /* Resources */,
				93D2E9151AAF3C1C0028ED1B /* Embed Frameworks */,
			);
			buildRules = (
			);
			dependencies = (
				93D2E9221AAF3E730028ED1B /* PBXTargetDependency */,
				93EF79581AC2B8BB0053A329 /* PBXTargetDependency */,
			);
			name = HandiParking;
			productName = HandiParking;
			productReference = 93C83F491AAED9AD005990C2 /* HandiParking.app */;
			productType = "com.apple.product-type.application";
		};
		93C83F601AAED9AD005990C2 /* HandiParkingTests */ = {
			isa = PBXNativeTarget;
			buildConfigurationList = 93C83F6E1AAED9AD005990C2 /* Build configuration list for PBXNativeTarget "HandiParkingTests" */;
			buildPhases = (
				93C83F5D1AAED9AD005990C2 /* Sources */,
				93C83F5E1AAED9AD005990C2 /* Frameworks */,
				93C83F5F1AAED9AD005990C2 /* Resources */,
			);
			buildRules = (
			);
			dependencies = (
				93C83F631AAED9AD005990C2 /* PBXTargetDependency */,
			);
			name = HandiParkingTests;
			productName = HandiParkingTests;
			productReference = 93C83F611AAED9AD005990C2 /* HandiParkingTests.xctest */;
			productType = "com.apple.product-type.bundle.unit-test";
		};
/* End PBXNativeTarget section */

/* Begin PBXProject section */
		93C83F411AAED9AD005990C2 /* Project object */ = {
			isa = PBXProject;
			attributes = {
				LastUpgradeCheck = 0610;
				ORGANIZATIONNAME = KeepCore;
				TargetAttributes = {
					93C83F481AAED9AD005990C2 = {
						CreatedOnToolsVersion = 6.1.1;
						DevelopmentTeam = M3B49R69C6;
					};
					93C83F601AAED9AD005990C2 = {
						CreatedOnToolsVersion = 6.1.1;
						TestTargetID = 93C83F481AAED9AD005990C2;
					};
				};
			};
			buildConfigurationList = 93C83F441AAED9AD005990C2 /* Build configuration list for PBXProject "HandiParking" */;
			compatibilityVersion = "Xcode 3.2";
			developmentRegion = English;
			hasScannedForEncodings = 0;
			knownRegions = (
				en,
				Base,
			);
			mainGroup = 93C83F401AAED9AD005990C2;
			productRefGroup = 93C83F4A1AAED9AD005990C2 /* Products */;
			projectDirPath = "";
			projectReferences = (
				{
					ProductGroup = 93D2E8E91AAF3BDA0028ED1B /* Products */;
					ProjectRef = 93D2E8E81AAF3BDA0028ED1B /* Alamofire.xcodeproj */;
				},
				{
					ProductGroup = 93EF79471AC2B8B10053A329 /* Products */;
					ProjectRef = 93EF79461AC2B8B10053A329 /* SwiftyJSON.xcodeproj */;
				},
			);
			projectRoot = "";
			targets = (
				93C83F481AAED9AD005990C2 /* HandiParking */,
				93C83F601AAED9AD005990C2 /* HandiParkingTests */,
			);
		};
/* End PBXProject section */

/* Begin PBXReferenceProxy section */
		93D2E8F01AAF3BDA0028ED1B /* Alamofire.framework */ = {
			isa = PBXReferenceProxy;
			fileType = wrapper.framework;
			path = Alamofire.framework;
			remoteRef = 93D2E8EF1AAF3BDA0028ED1B /* PBXContainerItemProxy */;
			sourceTree = BUILT_PRODUCTS_DIR;
		};
		93D2E8F21AAF3BDA0028ED1B /* Alamofire.framework */ = {
			isa = PBXReferenceProxy;
			fileType = wrapper.framework;
			path = Alamofire.framework;
			remoteRef = 93D2E8F11AAF3BDA0028ED1B /* PBXContainerItemProxy */;
			sourceTree = BUILT_PRODUCTS_DIR;
		};
		93D2E8F41AAF3BDA0028ED1B /* Alamofire iOS Tests.xctest */ = {
			isa = PBXReferenceProxy;
			fileType = wrapper.cfbundle;
			path = "Alamofire iOS Tests.xctest";
			remoteRef = 93D2E8F31AAF3BDA0028ED1B /* PBXContainerItemProxy */;
			sourceTree = BUILT_PRODUCTS_DIR;
		};
		93D2E8F61AAF3BDA0028ED1B /* Alamofire OSX Tests.xctest */ = {
			isa = PBXReferenceProxy;
			fileType = wrapper.cfbundle;
			path = "Alamofire OSX Tests.xctest";
			remoteRef = 93D2E8F51AAF3BDA0028ED1B /* PBXContainerItemProxy */;
			sourceTree = BUILT_PRODUCTS_DIR;
		};
		93EF794E1AC2B8B10053A329 /* SwiftyJSON.framework */ = {
			isa = PBXReferenceProxy;
			fileType = wrapper.framework;
			path = SwiftyJSON.framework;
			remoteRef = 93EF794D1AC2B8B10053A329 /* PBXContainerItemProxy */;
			sourceTree = BUILT_PRODUCTS_DIR;
		};
		93EF79501AC2B8B10053A329 /* SwiftyJSONTests.xctest */ = {
			isa = PBXReferenceProxy;
			fileType = wrapper.cfbundle;
			path = SwiftyJSONTests.xctest;
			remoteRef = 93EF794F1AC2B8B10053A329 /* PBXContainerItemProxy */;
			sourceTree = BUILT_PRODUCTS_DIR;
		};
		93EF79521AC2B8B10053A329 /* SwiftyJSON.framework */ = {
			isa = PBXReferenceProxy;
			fileType = wrapper.framework;
			path = SwiftyJSON.framework;
			remoteRef = 93EF79511AC2B8B10053A329 /* PBXContainerItemProxy */;
			sourceTree = BUILT_PRODUCTS_DIR;
		};
		93EF79541AC2B8B10053A329 /* SwiftyJSON OSXTests.xctest */ = {
			isa = PBXReferenceProxy;
			fileType = wrapper.cfbundle;
			path = "SwiftyJSON OSXTests.xctest";
			remoteRef = 93EF79531AC2B8B10053A329 /* PBXContainerItemProxy */;
			sourceTree = BUILT_PRODUCTS_DIR;
		};
/* End PBXReferenceProxy section */

/* Begin PBXResourcesBuildPhase section */
		93C83F471AAED9AD005990C2 /* Resources */ = {
			isa = PBXResourcesBuildPhase;
			buildActionMask = 2147483647;
			files = (
				938EA4B91ABB004700F9B247 /* InfoMarkerWindow.xib in Resources */,
				93CDE4551AC5432F00DA38FF /* KeepCore.gpx in Resources */,
				93D2E8311AAEED1A0028ED1B /* Images.xcassets in Resources */,
				93C83F571AAED9AD005990C2 /* Main.storyboard in Resources */,
				93C83F5C1AAED9AD005990C2 /* LaunchScreen.xib in Resources */,
				93CDE45D1AC543CB00DA38FF /* IUT Montpellier.gpx in Resources */,
				93EF79071AC2A4550053A329 /* TableCell.xib in Resources */,
				935D426A1AB19361005779FA /* GoogleMaps.bundle in Resources */,
			);
			runOnlyForDeploymentPostprocessing = 0;
		};
		93C83F5F1AAED9AD005990C2 /* Resources */ = {
			isa = PBXResourcesBuildPhase;
			buildActionMask = 2147483647;
			files = (
			);
			runOnlyForDeploymentPostprocessing = 0;
		};
/* End PBXResourcesBuildPhase section */

/* Begin PBXSourcesBuildPhase section */
		93C83F451AAED9AD005990C2 /* Sources */ = {
			isa = PBXSourcesBuildPhase;
			buildActionMask = 2147483647;
			files = (
				93C83F541AAED9AD005990C2 /* GeoViewController.swift in Sources */,
				9391A67C1AC4AA5A00BD64C7 /* DTIAnimSpotify.swift in Sources */,
				9345FBD11AB2FFDD00D4F686 /* PlaceMarker.swift in Sources */,
				935D42821AB1DC05005779FA /* Emplacement.swift in Sources */,
				9391A67F1AC4AA5A00BD64C7 /* DTIAnimWp8.swift in Sources */,
				9396F5BE1AB07BDA00784082 /* IJReachbility.swift in Sources */,
				9391A67E1AC4AA5A00BD64C7 /* DTIAnimWave.swift in Sources */,
				939F00BD1AB831D5007B928E /* InfoMarkerWindow.swift in Sources */,
				93EF79401AC2B69B0053A329 /* BaseTableView.swift in Sources */,
				93C83F4F1AAED9AD005990C2 /* AppDelegate.swift in Sources */,
				9396F5C51AB0843200784082 /* SCLAlertView.swift in Sources */,
				93CD3CF51AC0170200E6E385 /* MapsAppsData.swift in Sources */,
				9391A6771AC4AA5A00BD64C7 /* DTIAnimChasingDots.swift in Sources */,
				9391A6751AC4AA5A00BD64C7 /* CALayer+DTI.swift in Sources */,
				9345FC051AB33AFB00D4F686 /* Alamofire-SwiftyJSON.swift in Sources */,
				9391A67A1AC4AA5A00BD64C7 /* DTIAnimPulse.swift in Sources */,
				937640D41AC4127100716122 /* RAMTransitionItemAnimation.swift in Sources */,
				9391A6781AC4AA5A00BD64C7 /* DTIAnimDoubleBounce.swift in Sources */,
				937640D21AC4127100716122 /* RAMFumeAnimation.swift in Sources */,
				93CCBA451AB6F60800FCCB1E /* AlertViewController.swift in Sources */,
				9345FBC21AB2F3F900D4F686 /* SwiftSpinner.swift in Sources */,
				937640D61AC4127100716122 /* RAMItemAnimationProtocol.swift in Sources */,
				93EF793E1AC2B5C70053A329 /* SearchViewController.swift in Sources */,
				9391A6801AC4AA5A00BD64C7 /* DTIIndicatorStyle.swift in Sources */,
				935D42701AB1AAEA005779FA /* DataProvider.swift in Sources */,
				9391D80E1AC2F207005EC0FD /* SearchSelectedViewController.swift in Sources */,
				9391A67D1AC4AA5A00BD64C7 /* DTIAnimWanderingCubes.swift in Sources */,
				937640D51AC4127100716122 /* RAMAnimatedTabBarController.swift in Sources */,
				937640D01AC4127100716122 /* RAMBounceAnimation.swift in Sources */,
				937640D31AC4127100716122 /* RAMRotationAnimation.swift in Sources */,
				937627011AB031D60059C23D /* AboutViewController.swift in Sources */,
				939F00C71AB834A6007B928E /* UIViewExtension.swift in Sources */,
				9391A6791AC4AA5A00BD64C7 /* DTIAnimProtocol.swift in Sources */,
				937640D11AC4127100716122 /* RAMFrameItemAnimation.swift in Sources */,
				9375D5FB1AC1999200A583B5 /* Lieu.swift in Sources */,
				93CCBA431AB6DDF800FCCB1E /* ServicesController.swift in Sources */,
				937626FF1AB031A80059C23D /* HelpViewController.swift in Sources */,
				93C83F521AAED9AD005990C2 /* HandiParking.xcdatamodeld in Sources */,
				93DC120E1AB2DE9200C244DB /* RayonRecherche.swift in Sources */,
				9391A67B1AC4AA5A00BD64C7 /* DTIAnimRotatingPlane.swift in Sources */,
				93CE8E861AC1529A008F09BF /* StreetViewController.swift in Sources */,
				9391A6761AC4AA5A00BD64C7 /* DTIActivityIndicatorView.swift in Sources */,
			);
			runOnlyForDeploymentPostprocessing = 0;
		};
		93C83F5D1AAED9AD005990C2 /* Sources */ = {
			isa = PBXSourcesBuildPhase;
			buildActionMask = 2147483647;
			files = (
				93C83F681AAED9AD005990C2 /* HandiParkingTests.swift in Sources */,
			);
			runOnlyForDeploymentPostprocessing = 0;
		};
/* End PBXSourcesBuildPhase section */

/* Begin PBXTargetDependency section */
		93C83F631AAED9AD005990C2 /* PBXTargetDependency */ = {
			isa = PBXTargetDependency;
			target = 93C83F481AAED9AD005990C2 /* HandiParking */;
			targetProxy = 93C83F621AAED9AD005990C2 /* PBXContainerItemProxy */;
		};
		93D2E9221AAF3E730028ED1B /* PBXTargetDependency */ = {
			isa = PBXTargetDependency;
			name = "Alamofire iOS";
			targetProxy = 93D2E9211AAF3E730028ED1B /* PBXContainerItemProxy */;
		};
		93EF79581AC2B8BB0053A329 /* PBXTargetDependency */ = {
			isa = PBXTargetDependency;
			name = "SwiftyJSON iOS";
			targetProxy = 93EF79571AC2B8BB0053A329 /* PBXContainerItemProxy */;
		};
/* End PBXTargetDependency section */

/* Begin PBXVariantGroup section */
		93C83F551AAED9AD005990C2 /* Main.storyboard */ = {
			isa = PBXVariantGroup;
			children = (
				93C83F561AAED9AD005990C2 /* Base */,
			);
			name = Main.storyboard;
			sourceTree = "<group>";
		};
		93C83F5A1AAED9AD005990C2 /* LaunchScreen.xib */ = {
			isa = PBXVariantGroup;
			children = (
				93C83F5B1AAED9AD005990C2 /* Base */,
			);
			name = LaunchScreen.xib;
			sourceTree = "<group>";
		};
/* End PBXVariantGroup section */

/* Begin XCBuildConfiguration section */
		93C83F691AAED9AD005990C2 /* Debug */ = {
			isa = XCBuildConfiguration;
			buildSettings = {
				ALWAYS_SEARCH_USER_PATHS = NO;
				CLANG_CXX_LANGUAGE_STANDARD = "gnu++0x";
				CLANG_CXX_LIBRARY = "libc++";
				CLANG_ENABLE_MODULES = YES;
				CLANG_ENABLE_OBJC_ARC = YES;
				CLANG_WARN_BOOL_CONVERSION = YES;
				CLANG_WARN_CONSTANT_CONVERSION = YES;
				CLANG_WARN_DIRECT_OBJC_ISA_USAGE = YES_ERROR;
				CLANG_WARN_EMPTY_BODY = YES;
				CLANG_WARN_ENUM_CONVERSION = YES;
				CLANG_WARN_INT_CONVERSION = YES;
				CLANG_WARN_OBJC_ROOT_CLASS = YES_ERROR;
				CLANG_WARN_UNREACHABLE_CODE = YES;
				CLANG_WARN__DUPLICATE_METHOD_MATCH = YES;
				"CODE_SIGN_IDENTITY[sdk=iphoneos*]" = "iPhone Developer";
				COPY_PHASE_STRIP = NO;
				ENABLE_STRICT_OBJC_MSGSEND = YES;
				GCC_C_LANGUAGE_STANDARD = gnu99;
				GCC_DYNAMIC_NO_PIC = NO;
				GCC_OPTIMIZATION_LEVEL = 0;
				GCC_PREPROCESSOR_DEFINITIONS = (
					"DEBUG=1",
					"$(inherited)",
				);
				GCC_SYMBOLS_PRIVATE_EXTERN = NO;
				GCC_WARN_64_TO_32_BIT_CONVERSION = YES;
				GCC_WARN_ABOUT_RETURN_TYPE = YES_ERROR;
				GCC_WARN_UNDECLARED_SELECTOR = YES;
				GCC_WARN_UNINITIALIZED_AUTOS = YES_AGGRESSIVE;
				GCC_WARN_UNUSED_FUNCTION = YES;
				GCC_WARN_UNUSED_VARIABLE = YES;
				IPHONEOS_DEPLOYMENT_TARGET = 8.1;
				MTL_ENABLE_DEBUG_INFO = YES;
				ONLY_ACTIVE_ARCH = YES;
				OTHER_LDFLAGS = "-ObjC";
				SDKROOT = iphoneos;
				SWIFT_OPTIMIZATION_LEVEL = "-Onone";
			};
			name = Debug;
		};
		93C83F6A1AAED9AD005990C2 /* Release */ = {
			isa = XCBuildConfiguration;
			buildSettings = {
				ALWAYS_SEARCH_USER_PATHS = NO;
				CLANG_CXX_LANGUAGE_STANDARD = "gnu++0x";
				CLANG_CXX_LIBRARY = "libc++";
				CLANG_ENABLE_MODULES = YES;
				CLANG_ENABLE_OBJC_ARC = YES;
				CLANG_WARN_BOOL_CONVERSION = YES;
				CLANG_WARN_CONSTANT_CONVERSION = YES;
				CLANG_WARN_DIRECT_OBJC_ISA_USAGE = YES_ERROR;
				CLANG_WARN_EMPTY_BODY = YES;
				CLANG_WARN_ENUM_CONVERSION = YES;
				CLANG_WARN_INT_CONVERSION = YES;
				CLANG_WARN_OBJC_ROOT_CLASS = YES_ERROR;
				CLANG_WARN_UNREACHABLE_CODE = YES;
				CLANG_WARN__DUPLICATE_METHOD_MATCH = YES;
				"CODE_SIGN_IDENTITY[sdk=iphoneos*]" = "iPhone Developer";
				COPY_PHASE_STRIP = YES;
				ENABLE_NS_ASSERTIONS = NO;
				ENABLE_STRICT_OBJC_MSGSEND = YES;
				GCC_C_LANGUAGE_STANDARD = gnu99;
				GCC_WARN_64_TO_32_BIT_CONVERSION = YES;
				GCC_WARN_ABOUT_RETURN_TYPE = YES_ERROR;
				GCC_WARN_UNDECLARED_SELECTOR = YES;
				GCC_WARN_UNINITIALIZED_AUTOS = YES_AGGRESSIVE;
				GCC_WARN_UNUSED_FUNCTION = YES;
				GCC_WARN_UNUSED_VARIABLE = YES;
				IPHONEOS_DEPLOYMENT_TARGET = 8.1;
				MTL_ENABLE_DEBUG_INFO = NO;
				OTHER_LDFLAGS = "-ObjC";
				SDKROOT = iphoneos;
				VALIDATE_PRODUCT = YES;
			};
			name = Release;
		};
		93C83F6C1AAED9AD005990C2 /* Debug */ = {
			isa = XCBuildConfiguration;
			buildSettings = {
				ASSETCATALOG_COMPILER_APPICON_NAME = AppIcon;
				ASSETCATALOG_COMPILER_LAUNCHIMAGE_NAME = LaunchImage;
				CLANG_ENABLE_MODULES = YES;
				CODE_SIGN_IDENTITY = "iPhone Developer";
				"CODE_SIGN_IDENTITY[sdk=iphoneos*]" = "iPhone Developer";
				EMBEDDED_CONTENT_CONTAINS_SWIFT = YES;
				FRAMEWORK_SEARCH_PATHS = (
					"$(inherited)",
					"$(PROJECT_DIR)/HandiParking",
				);
				INFOPLIST_FILE = HandiParking/Info.plist;
				IPHONEOS_DEPLOYMENT_TARGET = 8.1;
				LD_RUNPATH_SEARCH_PATHS = "$(inherited) @executable_path/Frameworks";
				PRODUCT_NAME = "$(TARGET_NAME)";
				PROVISIONING_PROFILE = "";
				SWIFT_OBJC_BRIDGING_HEADER = "HandiParking/HandiParking-Bridging-Header.h";
				SWIFT_OPTIMIZATION_LEVEL = "-Onone";
			};
			name = Debug;
		};
		93C83F6D1AAED9AD005990C2 /* Release */ = {
			isa = XCBuildConfiguration;
			buildSettings = {
				ASSETCATALOG_COMPILER_APPICON_NAME = AppIcon;
				ASSETCATALOG_COMPILER_LAUNCHIMAGE_NAME = LaunchImage;
				CLANG_ENABLE_MODULES = YES;
				CODE_SIGN_IDENTITY = "iPhone Developer";
				"CODE_SIGN_IDENTITY[sdk=iphoneos*]" = "iPhone Developer";
				EMBEDDED_CONTENT_CONTAINS_SWIFT = YES;
				FRAMEWORK_SEARCH_PATHS = (
					"$(inherited)",
					"$(PROJECT_DIR)/HandiParking",
				);
				INFOPLIST_FILE = HandiParking/Info.plist;
				IPHONEOS_DEPLOYMENT_TARGET = 8.1;
				LD_RUNPATH_SEARCH_PATHS = "$(inherited) @executable_path/Frameworks";
				PRODUCT_NAME = "$(TARGET_NAME)";
				PROVISIONING_PROFILE = "";
				SWIFT_OBJC_BRIDGING_HEADER = "HandiParking/HandiParking-Bridging-Header.h";
			};
			name = Release;
		};
		93C83F6F1AAED9AD005990C2 /* Debug */ = {
			isa = XCBuildConfiguration;
			buildSettings = {
				BUNDLE_LOADER = "$(TEST_HOST)";
				FRAMEWORK_SEARCH_PATHS = (
					"$(SDKROOT)/Developer/Library/Frameworks",
					"$(inherited)",
				);
				GCC_PREPROCESSOR_DEFINITIONS = (
					"DEBUG=1",
					"$(inherited)",
				);
				INFOPLIST_FILE = HandiParkingTests/Info.plist;
				LD_RUNPATH_SEARCH_PATHS = "$(inherited) @executable_path/Frameworks @loader_path/Frameworks";
				PRODUCT_NAME = "$(TARGET_NAME)";
				TEST_HOST = "$(BUILT_PRODUCTS_DIR)/HandiParking.app/HandiParking";
			};
			name = Debug;
		};
		93C83F701AAED9AD005990C2 /* Release */ = {
			isa = XCBuildConfiguration;
			buildSettings = {
				BUNDLE_LOADER = "$(TEST_HOST)";
				FRAMEWORK_SEARCH_PATHS = (
					"$(SDKROOT)/Developer/Library/Frameworks",
					"$(inherited)",
				);
				INFOPLIST_FILE = HandiParkingTests/Info.plist;
				LD_RUNPATH_SEARCH_PATHS = "$(inherited) @executable_path/Frameworks @loader_path/Frameworks";
				PRODUCT_NAME = "$(TARGET_NAME)";
				TEST_HOST = "$(BUILT_PRODUCTS_DIR)/HandiParking.app/HandiParking";
			};
			name = Release;
		};
/* End XCBuildConfiguration section */

/* Begin XCConfigurationList section */
		93C83F441AAED9AD005990C2 /* Build configuration list for PBXProject "HandiParking" */ = {
			isa = XCConfigurationList;
			buildConfigurations = (
				93C83F691AAED9AD005990C2 /* Debug */,
				93C83F6A1AAED9AD005990C2 /* Release */,
			);
			defaultConfigurationIsVisible = 0;
			defaultConfigurationName = Release;
		};
		93C83F6B1AAED9AD005990C2 /* Build configuration list for PBXNativeTarget "HandiParking" */ = {
			isa = XCConfigurationList;
			buildConfigurations = (
				93C83F6C1AAED9AD005990C2 /* Debug */,
				93C83F6D1AAED9AD005990C2 /* Release */,
			);
			defaultConfigurationIsVisible = 0;
			defaultConfigurationName = Release;
		};
		93C83F6E1AAED9AD005990C2 /* Build configuration list for PBXNativeTarget "HandiParkingTests" */ = {
			isa = XCConfigurationList;
			buildConfigurations = (
				93C83F6F1AAED9AD005990C2 /* Debug */,
				93C83F701AAED9AD005990C2 /* Release */,
			);
			defaultConfigurationIsVisible = 0;
			defaultConfigurationName = Release;
		};
/* End XCConfigurationList section */

/* Begin XCVersionGroup section */
		93C83F501AAED9AD005990C2 /* HandiParking.xcdatamodeld */ = {
			isa = XCVersionGroup;
			children = (
				93C83F511AAED9AD005990C2 /* HandiParking.xcdatamodel */,
			);
			currentVersion = 93C83F511AAED9AD005990C2 /* HandiParking.xcdatamodel */;
			path = HandiParking.xcdatamodeld;
			sourceTree = "<group>";
			versionGroupType = wrapper.xcdatamodel;
		};
/* End XCVersionGroup section */
	};
	rootObject = 93C83F411AAED9AD005990C2 /* Project object */;
}
