// !$*UTF8*$!
{
	archiveVersion = 1;
	classes = {
	};
	objectVersion = 46;
	objects = {

/* Begin PBXBuildFile section */
		93C83F4F1AAED9AD005990C2 /* AppDelegate.swift in Sources */ = {isa = PBXBuildFile; fileRef = 93C83F4E1AAED9AD005990C2 /* AppDelegate.swift */; };
		93C83F521AAED9AD005990C2 /* HandiParking.xcdatamodeld in Sources */ = {isa = PBXBuildFile; fileRef = 93C83F501AAED9AD005990C2 /* HandiParking.xcdatamodeld */; };
		93C83F541AAED9AD005990C2 /* ViewController.swift in Sources */ = {isa = PBXBuildFile; fileRef = 93C83F531AAED9AD005990C2 /* ViewController.swift */; };
		93C83F571AAED9AD005990C2 /* Main.storyboard in Resources */ = {isa = PBXBuildFile; fileRef = 93C83F551AAED9AD005990C2 /* Main.storyboard */; };
		93C83F5C1AAED9AD005990C2 /* LaunchScreen.xib in Resources */ = {isa = PBXBuildFile; fileRef = 93C83F5A1AAED9AD005990C2 /* LaunchScreen.xib */; };
		93C83F681AAED9AD005990C2 /* HandiParkingTests.swift in Sources */ = {isa = PBXBuildFile; fileRef = 93C83F671AAED9AD005990C2 /* HandiParkingTests.swift */; };
		93D2E82B1AAEE3250028ED1B /* SSASideMenu.swift in Sources */ = {isa = PBXBuildFile; fileRef = 93D2E82A1AAEE3250028ED1B /* SSASideMenu.swift */; };
		93D2E82D1AAEE9950028ED1B /* LeftMenuViewController.swift in Sources */ = {isa = PBXBuildFile; fileRef = 93D2E82C1AAEE9950028ED1B /* LeftMenuViewController.swift */; };
		93D2E82F1AAEEB1F0028ED1B /* RightMenuViewController.swift in Sources */ = {isa = PBXBuildFile; fileRef = 93D2E82E1AAEEB1F0028ED1B /* RightMenuViewController.swift */; };
		93D2E8311AAEED1A0028ED1B /* Images.xcassets in Resources */ = {isa = PBXBuildFile; fileRef = 93D2E8301AAEED1A0028ED1B /* Images.xcassets */; };
		93D2E85F1AAF2DEC0028ED1B /* GoogleMaps.framework in Frameworks */ = {isa = PBXBuildFile; fileRef = 93D2E85E1AAF2DEC0028ED1B /* GoogleMaps.framework */; };
		93D2E8611AAF2E060028ED1B /* GoogleMaps.bundle in Resources */ = {isa = PBXBuildFile; fileRef = 93D2E8601AAF2E060028ED1B /* GoogleMaps.bundle */; };
		93D2E8631AAF2EB60028ED1B /* AVFoundation.framework in Frameworks */ = {isa = PBXBuildFile; fileRef = 93D2E8621AAF2EB60028ED1B /* AVFoundation.framework */; };
		93D2E8651AAF2EBC0028ED1B /* CoreData.framework in Frameworks */ = {isa = PBXBuildFile; fileRef = 93D2E8641AAF2EBC0028ED1B /* CoreData.framework */; };
		93D2E8671AAF2EC10028ED1B /* CoreLocation.framework in Frameworks */ = {isa = PBXBuildFile; fileRef = 93D2E8661AAF2EC10028ED1B /* CoreLocation.framework */; };
		93D2E8691AAF2EC70028ED1B /* CoreText.framework in Frameworks */ = {isa = PBXBuildFile; fileRef = 93D2E8681AAF2EC70028ED1B /* CoreText.framework */; };
		93D2E86B1AAF2ECE0028ED1B /* GLKit.framework in Frameworks */ = {isa = PBXBuildFile; fileRef = 93D2E86A1AAF2ECE0028ED1B /* GLKit.framework */; };
		93D2E86D1AAF2ED60028ED1B /* ImageIO.framework in Frameworks */ = {isa = PBXBuildFile; fileRef = 93D2E86C1AAF2ED60028ED1B /* ImageIO.framework */; };
		93D2E86F1AAF2EDF0028ED1B /* libc++.dylib in Frameworks */ = {isa = PBXBuildFile; fileRef = 93D2E86E1AAF2EDF0028ED1B /* libc++.dylib */; };
		93D2E8711AAF2EE70028ED1B /* libicucore.dylib in Frameworks */ = {isa = PBXBuildFile; fileRef = 93D2E8701AAF2EE70028ED1B /* libicucore.dylib */; };
		93D2E8731AAF2EED0028ED1B /* libz.dylib in Frameworks */ = {isa = PBXBuildFile; fileRef = 93D2E8721AAF2EED0028ED1B /* libz.dylib */; };
		93D2E8751AAF2EF40028ED1B /* OpenGLES.framework in Frameworks */ = {isa = PBXBuildFile; fileRef = 93D2E8741AAF2EF40028ED1B /* OpenGLES.framework */; };
		93D2E8771AAF2EF90028ED1B /* QuartzCore.framework in Frameworks */ = {isa = PBXBuildFile; fileRef = 93D2E8761AAF2EF90028ED1B /* QuartzCore.framework */; };
		93D2E8791AAF2F050028ED1B /* SystemConfiguration.framework in Frameworks */ = {isa = PBXBuildFile; fileRef = 93D2E8781AAF2F050028ED1B /* SystemConfiguration.framework */; };
/* End PBXBuildFile section */

/* Begin PBXContainerItemProxy section */
		93C83F621AAED9AD005990C2 /* PBXContainerItemProxy */ = {
			isa = PBXContainerItemProxy;
			containerPortal = 93C83F411AAED9AD005990C2 /* Project object */;
			proxyType = 1;
			remoteGlobalIDString = 93C83F481AAED9AD005990C2;
			remoteInfo = HandiParking;
		};
/* End PBXContainerItemProxy section */

/* Begin PBXFileReference section */
		93C83F491AAED9AD005990C2 /* HandiParking.app */ = {isa = PBXFileReference; explicitFileType = wrapper.application; includeInIndex = 0; path = HandiParking.app; sourceTree = BUILT_PRODUCTS_DIR; };
		93C83F4D1AAED9AD005990C2 /* Info.plist */ = {isa = PBXFileReference; lastKnownFileType = text.plist.xml; path = Info.plist; sourceTree = "<group>"; };
		93C83F4E1AAED9AD005990C2 /* AppDelegate.swift */ = {isa = PBXFileReference; lastKnownFileType = sourcecode.swift; path = AppDelegate.swift; sourceTree = "<group>"; };
		93C83F511AAED9AD005990C2 /* HandiParking.xcdatamodel */ = {isa = PBXFileReference; lastKnownFileType = wrapper.xcdatamodel; path = HandiParking.xcdatamodel; sourceTree = "<group>"; };
		93C83F531AAED9AD005990C2 /* ViewController.swift */ = {isa = PBXFileReference; lastKnownFileType = sourcecode.swift; path = ViewController.swift; sourceTree = "<group>"; };
		93C83F561AAED9AD005990C2 /* Base */ = {isa = PBXFileReference; lastKnownFileType = file.storyboard; name = Base; path = Base.lproj/Main.storyboard; sourceTree = "<group>"; };
		93C83F5B1AAED9AD005990C2 /* Base */ = {isa = PBXFileReference; lastKnownFileType = file.xib; name = Base; path = Base.lproj/LaunchScreen.xib; sourceTree = "<group>"; };
		93C83F611AAED9AD005990C2 /* HandiParkingTests.xctest */ = {isa = PBXFileReference; explicitFileType = wrapper.cfbundle; includeInIndex = 0; path = HandiParkingTests.xctest; sourceTree = BUILT_PRODUCTS_DIR; };
		93C83F661AAED9AD005990C2 /* Info.plist */ = {isa = PBXFileReference; lastKnownFileType = text.plist.xml; path = Info.plist; sourceTree = "<group>"; };
		93C83F671AAED9AD005990C2 /* HandiParkingTests.swift */ = {isa = PBXFileReference; lastKnownFileType = sourcecode.swift; path = HandiParkingTests.swift; sourceTree = "<group>"; };
		93D2E82A1AAEE3250028ED1B /* SSASideMenu.swift */ = {isa = PBXFileReference; fileEncoding = 4; lastKnownFileType = sourcecode.swift; path = SSASideMenu.swift; sourceTree = "<group>"; };
		93D2E82C1AAEE9950028ED1B /* LeftMenuViewController.swift */ = {isa = PBXFileReference; fileEncoding = 4; lastKnownFileType = sourcecode.swift; path = LeftMenuViewController.swift; sourceTree = "<group>"; };
		93D2E82E1AAEEB1F0028ED1B /* RightMenuViewController.swift */ = {isa = PBXFileReference; fileEncoding = 4; lastKnownFileType = sourcecode.swift; path = RightMenuViewController.swift; sourceTree = "<group>"; };
		93D2E8301AAEED1A0028ED1B /* Images.xcassets */ = {isa = PBXFileReference; lastKnownFileType = folder.assetcatalog; path = Images.xcassets; sourceTree = "<group>"; };
		93D2E85E1AAF2DEC0028ED1B /* GoogleMaps.framework */ = {isa = PBXFileReference; lastKnownFileType = wrapper.framework; path = GoogleMaps.framework; sourceTree = "<group>"; };
		93D2E8601AAF2E060028ED1B /* GoogleMaps.bundle */ = {isa = PBXFileReference; lastKnownFileType = "wrapper.plug-in"; name = GoogleMaps.bundle; path = GoogleMaps.framework/Versions/A/Resources/GoogleMaps.bundle; sourceTree = "<group>"; };
		93D2E8621AAF2EB60028ED1B /* AVFoundation.framework */ = {isa = PBXFileReference; lastKnownFileType = wrapper.framework; name = AVFoundation.framework; path = System/Library/Frameworks/AVFoundation.framework; sourceTree = SDKROOT; };
		93D2E8641AAF2EBC0028ED1B /* CoreData.framework */ = {isa = PBXFileReference; lastKnownFileType = wrapper.framework; name = CoreData.framework; path = System/Library/Frameworks/CoreData.framework; sourceTree = SDKROOT; };
		93D2E8661AAF2EC10028ED1B /* CoreLocation.framework */ = {isa = PBXFileReference; lastKnownFileType = wrapper.framework; name = CoreLocation.framework; path = System/Library/Frameworks/CoreLocation.framework; sourceTree = SDKROOT; };
		93D2E8681AAF2EC70028ED1B /* CoreText.framework */ = {isa = PBXFileReference; lastKnownFileType = wrapper.framework; name = CoreText.framework; path = System/Library/Frameworks/CoreText.framework; sourceTree = SDKROOT; };
		93D2E86A1AAF2ECE0028ED1B /* GLKit.framework */ = {isa = PBXFileReference; lastKnownFileType = wrapper.framework; name = GLKit.framework; path = System/Library/Frameworks/GLKit.framework; sourceTree = SDKROOT; };
		93D2E86C1AAF2ED60028ED1B /* ImageIO.framework */ = {isa = PBXFileReference; lastKnownFileType = wrapper.framework; name = ImageIO.framework; path = System/Library/Frameworks/ImageIO.framework; sourceTree = SDKROOT; };
		93D2E86E1AAF2EDF0028ED1B /* libc++.dylib */ = {isa = PBXFileReference; lastKnownFileType = "compiled.mach-o.dylib"; name = "libc++.dylib"; path = "usr/lib/libc++.dylib"; sourceTree = SDKROOT; };
		93D2E8701AAF2EE70028ED1B /* libicucore.dylib */ = {isa = PBXFileReference; lastKnownFileType = "compiled.mach-o.dylib"; name = libicucore.dylib; path = usr/lib/libicucore.dylib; sourceTree = SDKROOT; };
		93D2E8721AAF2EED0028ED1B /* libz.dylib */ = {isa = PBXFileReference; lastKnownFileType = "compiled.mach-o.dylib"; name = libz.dylib; path = usr/lib/libz.dylib; sourceTree = SDKROOT; };
		93D2E8741AAF2EF40028ED1B /* OpenGLES.framework */ = {isa = PBXFileReference; lastKnownFileType = wrapper.framework; name = OpenGLES.framework; path = System/Library/Frameworks/OpenGLES.framework; sourceTree = SDKROOT; };
		93D2E8761AAF2EF90028ED1B /* QuartzCore.framework */ = {isa = PBXFileReference; lastKnownFileType = wrapper.framework; name = QuartzCore.framework; path = System/Library/Frameworks/QuartzCore.framework; sourceTree = SDKROOT; };
		93D2E8781AAF2F050028ED1B /* SystemConfiguration.framework */ = {isa = PBXFileReference; lastKnownFileType = wrapper.framework; name = SystemConfiguration.framework; path = System/Library/Frameworks/SystemConfiguration.framework; sourceTree = SDKROOT; };
		93D2E87A1AAF2FAD0028ED1B /* HandiParking-Bridging-Header.h */ = {isa = PBXFileReference; lastKnownFileType = sourcecode.c.h; path = "HandiParking-Bridging-Header.h"; sourceTree = "<group>"; };
/* End PBXFileReference section */

/* Begin PBXFrameworksBuildPhase section */
		93C83F461AAED9AD005990C2 /* Frameworks */ = {
			isa = PBXFrameworksBuildPhase;
			buildActionMask = 2147483647;
			files = (
				93D2E8791AAF2F050028ED1B /* SystemConfiguration.framework in Frameworks */,
				93D2E8771AAF2EF90028ED1B /* QuartzCore.framework in Frameworks */,
				93D2E8751AAF2EF40028ED1B /* OpenGLES.framework in Frameworks */,
				93D2E8731AAF2EED0028ED1B /* libz.dylib in Frameworks */,
				93D2E8711AAF2EE70028ED1B /* libicucore.dylib in Frameworks */,
				93D2E86F1AAF2EDF0028ED1B /* libc++.dylib in Frameworks */,
				93D2E86D1AAF2ED60028ED1B /* ImageIO.framework in Frameworks */,
				93D2E86B1AAF2ECE0028ED1B /* GLKit.framework in Frameworks */,
				93D2E8691AAF2EC70028ED1B /* CoreText.framework in Frameworks */,
				93D2E8671AAF2EC10028ED1B /* CoreLocation.framework in Frameworks */,
				93D2E8651AAF2EBC0028ED1B /* CoreData.framework in Frameworks */,
				93D2E8631AAF2EB60028ED1B /* AVFoundation.framework in Frameworks */,
				93D2E85F1AAF2DEC0028ED1B /* GoogleMaps.framework in Frameworks */,
			);
			runOnlyForDeploymentPostprocessing = 0;
		};
		93C83F5E1AAED9AD005990C2 /* Frameworks */ = {
			isa = PBXFrameworksBuildPhase;
			buildActionMask = 2147483647;
			files = (
			);
			runOnlyForDeploymentPostprocessing = 0;
		};
/* End PBXFrameworksBuildPhase section */

/* Begin PBXGroup section */
		93C83F401AAED9AD005990C2 = {
			isa = PBXGroup;
			children = (
				93C83F4B1AAED9AD005990C2 /* HandiParking */,
				93C83F641AAED9AD005990C2 /* HandiParkingTests */,
				93C83F4A1AAED9AD005990C2 /* Products */,
			);
			sourceTree = "<group>";
		};
		93C83F4A1AAED9AD005990C2 /* Products */ = {
			isa = PBXGroup;
			children = (
				93C83F491AAED9AD005990C2 /* HandiParking.app */,
				93C83F611AAED9AD005990C2 /* HandiParkingTests.xctest */,
			);
			name = Products;
			sourceTree = "<group>";
		};
		93C83F4B1AAED9AD005990C2 /* HandiParking */ = {
			isa = PBXGroup;
			children = (
				93D2E85D1AAF2DD80028ED1B /* Frameworks */,
				93D2E8291AAEE3040028ED1B /* Sources */,
				93C83F4E1AAED9AD005990C2 /* AppDelegate.swift */,
				93D2E82E1AAEEB1F0028ED1B /* RightMenuViewController.swift */,
				93D2E82C1AAEE9950028ED1B /* LeftMenuViewController.swift */,
				93C83F531AAED9AD005990C2 /* ViewController.swift */,
				93C83F551AAED9AD005990C2 /* Main.storyboard */,
				93C83F5A1AAED9AD005990C2 /* LaunchScreen.xib */,
				93C83F501AAED9AD005990C2 /* HandiParking.xcdatamodeld */,
				93D2E8301AAEED1A0028ED1B /* Images.xcassets */,
				93C83F4C1AAED9AD005990C2 /* Supporting Files */,
			);
			path = HandiParking;
			sourceTree = "<group>";
		};
		93C83F4C1AAED9AD005990C2 /* Supporting Files */ = {
			isa = PBXGroup;
			children = (
				93C83F4D1AAED9AD005990C2 /* Info.plist */,
			);
			name = "Supporting Files";
			sourceTree = "<group>";
		};
		93C83F641AAED9AD005990C2 /* HandiParkingTests */ = {
			isa = PBXGroup;
			children = (
				93C83F671AAED9AD005990C2 /* HandiParkingTests.swift */,
				93C83F651AAED9AD005990C2 /* Supporting Files */,
			);
			path = HandiParkingTests;
			sourceTree = "<group>";
		};
		93C83F651AAED9AD005990C2 /* Supporting Files */ = {
			isa = PBXGroup;
			children = (
				93C83F661AAED9AD005990C2 /* Info.plist */,
			);
			name = "Supporting Files";
			sourceTree = "<group>";
		};
		93D2E8291AAEE3040028ED1B /* Sources */ = {
			isa = PBXGroup;
			children = (
				93D2E82A1AAEE3250028ED1B /* SSASideMenu.swift */,
			);
			name = Sources;
			sourceTree = "<group>";
		};
		93D2E85D1AAF2DD80028ED1B /* Frameworks */ = {
			isa = PBXGroup;
			children = (
				93D2E87A1AAF2FAD0028ED1B /* HandiParking-Bridging-Header.h */,
				93D2E8781AAF2F050028ED1B /* SystemConfiguration.framework */,
				93D2E8761AAF2EF90028ED1B /* QuartzCore.framework */,
				93D2E8741AAF2EF40028ED1B /* OpenGLES.framework */,
				93D2E8721AAF2EED0028ED1B /* libz.dylib */,
				93D2E8701AAF2EE70028ED1B /* libicucore.dylib */,
				93D2E86E1AAF2EDF0028ED1B /* libc++.dylib */,
				93D2E86C1AAF2ED60028ED1B /* ImageIO.framework */,
				93D2E86A1AAF2ECE0028ED1B /* GLKit.framework */,
				93D2E8681AAF2EC70028ED1B /* CoreText.framework */,
				93D2E8661AAF2EC10028ED1B /* CoreLocation.framework */,
				93D2E8641AAF2EBC0028ED1B /* CoreData.framework */,
				93D2E8621AAF2EB60028ED1B /* AVFoundation.framework */,
				93D2E8601AAF2E060028ED1B /* GoogleMaps.bundle */,
				93D2E85E1AAF2DEC0028ED1B /* GoogleMaps.framework */,
			);
			name = Frameworks;
			sourceTree = "<group>";
		};
/* End PBXGroup section */

/* Begin PBXNativeTarget section */
		93C83F481AAED9AD005990C2 /* HandiParking */ = {
			isa = PBXNativeTarget;
			buildConfigurationList = 93C83F6B1AAED9AD005990C2 /* Build configuration list for PBXNativeTarget "HandiParking" */;
			buildPhases = (
				93C83F451AAED9AD005990C2 /* Sources */,
				93C83F461AAED9AD005990C2 /* Frameworks */,
				93C83F471AAED9AD005990C2 /* Resources */,
			);
			buildRules = (
			);
			dependencies = (
			);
			name = HandiParking;
			productName = HandiParking;
			productReference = 93C83F491AAED9AD005990C2 /* HandiParking.app */;
			productType = "com.apple.product-type.application";
		};
		93C83F601AAED9AD005990C2 /* HandiParkingTests */ = {
			isa = PBXNativeTarget;
			buildConfigurationList = 93C83F6E1AAED9AD005990C2 /* Build configuration list for PBXNativeTarget "HandiParkingTests" */;
			buildPhases = (
				93C83F5D1AAED9AD005990C2 /* Sources */,
				93C83F5E1AAED9AD005990C2 /* Frameworks */,
				93C83F5F1AAED9AD005990C2 /* Resources */,
			);
			buildRules = (
			);
			dependencies = (
				93C83F631AAED9AD005990C2 /* PBXTargetDependency */,
			);
			name = HandiParkingTests;
			productName = HandiParkingTests;
			productReference = 93C83F611AAED9AD005990C2 /* HandiParkingTests.xctest */;
			productType = "com.apple.product-type.bundle.unit-test";
		};
/* End PBXNativeTarget section */

/* Begin PBXProject section */
		93C83F411AAED9AD005990C2 /* Project object */ = {
			isa = PBXProject;
			attributes = {
				LastUpgradeCheck = 0610;
				ORGANIZATIONNAME = KeepCore;
				TargetAttributes = {
					93C83F481AAED9AD005990C2 = {
						CreatedOnToolsVersion = 6.1.1;
					};
					93C83F601AAED9AD005990C2 = {
						CreatedOnToolsVersion = 6.1.1;
						TestTargetID = 93C83F481AAED9AD005990C2;
					};
				};
			};
			buildConfigurationList = 93C83F441AAED9AD005990C2 /* Build configuration list for PBXProject "HandiParking" */;
			compatibilityVersion = "Xcode 3.2";
			developmentRegion = English;
			hasScannedForEncodings = 0;
			knownRegions = (
				en,
				Base,
			);
			mainGroup = 93C83F401AAED9AD005990C2;
			productRefGroup = 93C83F4A1AAED9AD005990C2 /* Products */;
			projectDirPath = "";
			projectRoot = "";
			targets = (
				93C83F481AAED9AD005990C2 /* HandiParking */,
				93C83F601AAED9AD005990C2 /* HandiParkingTests */,
			);
		};
/* End PBXProject section */

/* Begin PBXResourcesBuildPhase section */
		93C83F471AAED9AD005990C2 /* Resources */ = {
			isa = PBXResourcesBuildPhase;
			buildActionMask = 2147483647;
			files = (
				93D2E8311AAEED1A0028ED1B /* Images.xcassets in Resources */,
				93C83F571AAED9AD005990C2 /* Main.storyboard in Resources */,
				93C83F5C1AAED9AD005990C2 /* LaunchScreen.xib in Resources */,
				93D2E8611AAF2E060028ED1B /* GoogleMaps.bundle in Resources */,
			);
			runOnlyForDeploymentPostprocessing = 0;
		};
		93C83F5F1AAED9AD005990C2 /* Resources */ = {
			isa = PBXResourcesBuildPhase;
			buildActionMask = 2147483647;
			files = (
			);
			runOnlyForDeploymentPostprocessing = 0;
		};
/* End PBXResourcesBuildPhase section */

/* Begin PBXSourcesBuildPhase section */
		93C83F451AAED9AD005990C2 /* Sources */ = {
			isa = PBXSourcesBuildPhase;
			buildActionMask = 2147483647;
			files = (
				93C83F541AAED9AD005990C2 /* ViewController.swift in Sources */,
				93D2E82B1AAEE3250028ED1B /* SSASideMenu.swift in Sources */,
				93C83F4F1AAED9AD005990C2 /* AppDelegate.swift in Sources */,
				93D2E82D1AAEE9950028ED1B /* LeftMenuViewController.swift in Sources */,
				93D2E82F1AAEEB1F0028ED1B /* RightMenuViewController.swift in Sources */,
				93C83F521AAED9AD005990C2 /* HandiParking.xcdatamodeld in Sources */,
			);
			runOnlyForDeploymentPostprocessing = 0;
		};
		93C83F5D1AAED9AD005990C2 /* Sources */ = {
			isa = PBXSourcesBuildPhase;
			buildActionMask = 2147483647;
			files = (
				93C83F681AAED9AD005990C2 /* HandiParkingTests.swift in Sources */,
			);
			runOnlyForDeploymentPostprocessing = 0;
		};
/* End PBXSourcesBuildPhase section */

/* Begin PBXTargetDependency section */
		93C83F631AAED9AD005990C2 /* PBXTargetDependency */ = {
			isa = PBXTargetDependency;
			target = 93C83F481AAED9AD005990C2 /* HandiParking */;
			targetProxy = 93C83F621AAED9AD005990C2 /* PBXContainerItemProxy */;
		};
/* End PBXTargetDependency section */

/* Begin PBXVariantGroup section */
		93C83F551AAED9AD005990C2 /* Main.storyboard */ = {
			isa = PBXVariantGroup;
			children = (
				93C83F561AAED9AD005990C2 /* Base */,
			);
			name = Main.storyboard;
			sourceTree = "<group>";
		};
		93C83F5A1AAED9AD005990C2 /* LaunchScreen.xib */ = {
			isa = PBXVariantGroup;
			children = (
				93C83F5B1AAED9AD005990C2 /* Base */,
			);
			name = LaunchScreen.xib;
			sourceTree = "<group>";
		};
/* End PBXVariantGroup section */

/* Begin XCBuildConfiguration section */
		93C83F691AAED9AD005990C2 /* Debug */ = {
			isa = XCBuildConfiguration;
			buildSettings = {
				ALWAYS_SEARCH_USER_PATHS = NO;
				CLANG_CXX_LANGUAGE_STANDARD = "gnu++0x";
				CLANG_CXX_LIBRARY = "libc++";
				CLANG_ENABLE_MODULES = YES;
				CLANG_ENABLE_OBJC_ARC = YES;
				CLANG_WARN_BOOL_CONVERSION = YES;
				CLANG_WARN_CONSTANT_CONVERSION = YES;
				CLANG_WARN_DIRECT_OBJC_ISA_USAGE = YES_ERROR;
				CLANG_WARN_EMPTY_BODY = YES;
				CLANG_WARN_ENUM_CONVERSION = YES;
				CLANG_WARN_INT_CONVERSION = YES;
				CLANG_WARN_OBJC_ROOT_CLASS = YES_ERROR;
				CLANG_WARN_UNREACHABLE_CODE = YES;
				CLANG_WARN__DUPLICATE_METHOD_MATCH = YES;
				"CODE_SIGN_IDENTITY[sdk=iphoneos*]" = "iPhone Developer";
				COPY_PHASE_STRIP = NO;
				ENABLE_STRICT_OBJC_MSGSEND = YES;
				GCC_C_LANGUAGE_STANDARD = gnu99;
				GCC_DYNAMIC_NO_PIC = NO;
				GCC_OPTIMIZATION_LEVEL = 0;
				GCC_PREPROCESSOR_DEFINITIONS = (
					"DEBUG=1",
					"$(inherited)",
				);
				GCC_SYMBOLS_PRIVATE_EXTERN = NO;
				GCC_WARN_64_TO_32_BIT_CONVERSION = YES;
				GCC_WARN_ABOUT_RETURN_TYPE = YES_ERROR;
				GCC_WARN_UNDECLARED_SELECTOR = YES;
				GCC_WARN_UNINITIALIZED_AUTOS = YES_AGGRESSIVE;
				GCC_WARN_UNUSED_FUNCTION = YES;
				GCC_WARN_UNUSED_VARIABLE = YES;
				IPHONEOS_DEPLOYMENT_TARGET = 8.1;
				MTL_ENABLE_DEBUG_INFO = YES;
				ONLY_ACTIVE_ARCH = YES;
				OTHER_LDFLAGS = "-ObjC";
				SDKROOT = iphoneos;
				SWIFT_OPTIMIZATION_LEVEL = "-Onone";
			};
			name = Debug;
		};
		93C83F6A1AAED9AD005990C2 /* Release */ = {
			isa = XCBuildConfiguration;
			buildSettings = {
				ALWAYS_SEARCH_USER_PATHS = NO;
				CLANG_CXX_LANGUAGE_STANDARD = "gnu++0x";
				CLANG_CXX_LIBRARY = "libc++";
				CLANG_ENABLE_MODULES = YES;
				CLANG_ENABLE_OBJC_ARC = YES;
				CLANG_WARN_BOOL_CONVERSION = YES;
				CLANG_WARN_CONSTANT_CONVERSION = YES;
				CLANG_WARN_DIRECT_OBJC_ISA_USAGE = YES_ERROR;
				CLANG_WARN_EMPTY_BODY = YES;
				CLANG_WARN_ENUM_CONVERSION = YES;
				CLANG_WARN_INT_CONVERSION = YES;
				CLANG_WARN_OBJC_ROOT_CLASS = YES_ERROR;
				CLANG_WARN_UNREACHABLE_CODE = YES;
				CLANG_WARN__DUPLICATE_METHOD_MATCH = YES;
				"CODE_SIGN_IDENTITY[sdk=iphoneos*]" = "iPhone Developer";
				COPY_PHASE_STRIP = YES;
				ENABLE_NS_ASSERTIONS = NO;
				ENABLE_STRICT_OBJC_MSGSEND = YES;
				GCC_C_LANGUAGE_STANDARD = gnu99;
				GCC_WARN_64_TO_32_BIT_CONVERSION = YES;
				GCC_WARN_ABOUT_RETURN_TYPE = YES_ERROR;
				GCC_WARN_UNDECLARED_SELECTOR = YES;
				GCC_WARN_UNINITIALIZED_AUTOS = YES_AGGRESSIVE;
				GCC_WARN_UNUSED_FUNCTION = YES;
				GCC_WARN_UNUSED_VARIABLE = YES;
				IPHONEOS_DEPLOYMENT_TARGET = 8.1;
				MTL_ENABLE_DEBUG_INFO = NO;
				OTHER_LDFLAGS = "-ObjC";
				SDKROOT = iphoneos;
				VALIDATE_PRODUCT = YES;
			};
			name = Release;
		};
		93C83F6C1AAED9AD005990C2 /* Debug */ = {
			isa = XCBuildConfiguration;
			buildSettings = {
				ASSETCATALOG_COMPILER_APPICON_NAME = AppIcon;
				ASSETCATALOG_COMPILER_LAUNCHIMAGE_NAME = LaunchImage;
				CLANG_ENABLE_MODULES = YES;
				FRAMEWORK_SEARCH_PATHS = (
					"$(inherited)",
					"$(PROJECT_DIR)/HandiParking",
				);
				INFOPLIST_FILE = HandiParking/Info.plist;
				LD_RUNPATH_SEARCH_PATHS = "$(inherited) @executable_path/Frameworks";
				PRODUCT_NAME = "$(TARGET_NAME)";
				SWIFT_OBJC_BRIDGING_HEADER = "HandiParking/HandiParking-Bridging-Header.h";
				SWIFT_OPTIMIZATION_LEVEL = "-Onone";
			};
			name = Debug;
		};
		93C83F6D1AAED9AD005990C2 /* Release */ = {
			isa = XCBuildConfiguration;
			buildSettings = {
				ASSETCATALOG_COMPILER_APPICON_NAME = AppIcon;
				ASSETCATALOG_COMPILER_LAUNCHIMAGE_NAME = LaunchImage;
				CLANG_ENABLE_MODULES = YES;
				FRAMEWORK_SEARCH_PATHS = (
					"$(inherited)",
					"$(PROJECT_DIR)/HandiParking",
				);
				INFOPLIST_FILE = HandiParking/Info.plist;
				LD_RUNPATH_SEARCH_PATHS = "$(inherited) @executable_path/Frameworks";
				PRODUCT_NAME = "$(TARGET_NAME)";
				SWIFT_OBJC_BRIDGING_HEADER = "HandiParking/HandiParking-Bridging-Header.h";
			};
			name = Release;
		};
		93C83F6F1AAED9AD005990C2 /* Debug */ = {
			isa = XCBuildConfiguration;
			buildSettings = {
				BUNDLE_LOADER = "$(TEST_HOST)";
				FRAMEWORK_SEARCH_PATHS = (
					"$(SDKROOT)/Developer/Library/Frameworks",
					"$(inherited)",
				);
				GCC_PREPROCESSOR_DEFINITIONS = (
					"DEBUG=1",
					"$(inherited)",
				);
				INFOPLIST_FILE = HandiParkingTests/Info.plist;
				LD_RUNPATH_SEARCH_PATHS = "$(inherited) @executable_path/Frameworks @loader_path/Frameworks";
				PRODUCT_NAME = "$(TARGET_NAME)";
				TEST_HOST = "$(BUILT_PRODUCTS_DIR)/HandiParking.app/HandiParking";
			};
			name = Debug;
		};
		93C83F701AAED9AD005990C2 /* Release */ = {
			isa = XCBuildConfiguration;
			buildSettings = {
				BUNDLE_LOADER = "$(TEST_HOST)";
				FRAMEWORK_SEARCH_PATHS = (
					"$(SDKROOT)/Developer/Library/Frameworks",
					"$(inherited)",
				);
				INFOPLIST_FILE = HandiParkingTests/Info.plist;
				LD_RUNPATH_SEARCH_PATHS = "$(inherited) @executable_path/Frameworks @loader_path/Frameworks";
				PRODUCT_NAME = "$(TARGET_NAME)";
				TEST_HOST = "$(BUILT_PRODUCTS_DIR)/HandiParking.app/HandiParking";
			};
			name = Release;
		};
/* End XCBuildConfiguration section */

/* Begin XCConfigurationList section */
		93C83F441AAED9AD005990C2 /* Build configuration list for PBXProject "HandiParking" */ = {
			isa = XCConfigurationList;
			buildConfigurations = (
				93C83F691AAED9AD005990C2 /* Debug */,
				93C83F6A1AAED9AD005990C2 /* Release */,
			);
			defaultConfigurationIsVisible = 0;
			defaultConfigurationName = Release;
		};
		93C83F6B1AAED9AD005990C2 /* Build configuration list for PBXNativeTarget "HandiParking" */ = {
			isa = XCConfigurationList;
			buildConfigurations = (
				93C83F6C1AAED9AD005990C2 /* Debug */,
				93C83F6D1AAED9AD005990C2 /* Release */,
			);
			defaultConfigurationIsVisible = 0;
			defaultConfigurationName = Release;
		};
		93C83F6E1AAED9AD005990C2 /* Build configuration list for PBXNativeTarget "HandiParkingTests" */ = {
			isa = XCConfigurationList;
			buildConfigurations = (
				93C83F6F1AAED9AD005990C2 /* Debug */,
				93C83F701AAED9AD005990C2 /* Release */,
			);
			defaultConfigurationIsVisible = 0;
			defaultConfigurationName = Release;
		};
/* End XCConfigurationList section */

/* Begin XCVersionGroup section */
		93C83F501AAED9AD005990C2 /* HandiParking.xcdatamodeld */ = {
			isa = XCVersionGroup;
			children = (
				93C83F511AAED9AD005990C2 /* HandiParking.xcdatamodel */,
			);
			currentVersion = 93C83F511AAED9AD005990C2 /* HandiParking.xcdatamodel */;
			path = HandiParking.xcdatamodeld;
			sourceTree = "<group>";
			versionGroupType = wrapper.xcdatamodel;
		};
/* End XCVersionGroup section */
	};
	rootObject = 93C83F411AAED9AD005990C2 /* Project object */;
}
